// !$*UTF8*$!
{
	archiveVersion = 1;
	classes = {
	};
	objectVersion = 56;
	objects = {

/* Begin PBXBuildFile section */
		221437612DFD5BF200DF3B93 /* CheckoutPage.swift in Sources */ = {isa = PBXBuildFile; fileRef = 221437602DFD5BF200DF3B93 /* CheckoutPage.swift */; };
		221746F32DF962ED0075F63C /* DraftOrder.swift in Sources */ = {isa = PBXBuildFile; fileRef = 221746F22DF962ED0075F63C /* DraftOrder.swift */; };
		221746F52DF98ECD0075F63C /* DraftOrderUseCase.swift in Sources */ = {isa = PBXBuildFile; fileRef = 221746F42DF98ECD0075F63C /* DraftOrderUseCase.swift */; };
		221746FB2DF9C84C0075F63C /* Methods.swift in Sources */ = {isa = PBXBuildFile; fileRef = 221746FA2DF9C84C0075F63C /* Methods.swift */; };
		221746FD2DF9E2D80075F63C /* UserDefaultManager.swift in Sources */ = {isa = PBXBuildFile; fileRef = 221746FC2DF9E2D80075F63C /* UserDefaultManager.swift */; };
		221746FF2DFA0F250075F63C /* CartItem.swift in Sources */ = {isa = PBXBuildFile; fileRef = 221746FE2DFA0F250075F63C /* CartItem.swift */; };
		221747012DFA15470075F63C /* CartViewModel.swift in Sources */ = {isa = PBXBuildFile; fileRef = 221747002DFA15470075F63C /* CartViewModel.swift */; };
		221747042DFA4B050075F63C /* Empty.swift in Sources */ = {isa = PBXBuildFile; fileRef = 221747032DFA4B050075F63C /* Empty.swift */; };
		221D33592DF89A3D00DEBE06 /* Coupon.swift in Sources */ = {isa = PBXBuildFile; fileRef = 221D33572DF89A3D00DEBE06 /* Coupon.swift */; };
		221D335A2DF89A3D00DEBE06 /* PriceRule.swift in Sources */ = {isa = PBXBuildFile; fileRef = 221D33582DF89A3D00DEBE06 /* PriceRule.swift */; };
		221D335D2DF89A7500DEBE06 /* PriceRulesUseCase.swift in Sources */ = {isa = PBXBuildFile; fileRef = 221D335B2DF89A7500DEBE06 /* PriceRulesUseCase.swift */; };
		221D335E2DF89A7500DEBE06 /* CouponsUseCase.swift in Sources */ = {isa = PBXBuildFile; fileRef = 221D335C2DF89A7500DEBE06 /* CouponsUseCase.swift */; };
		221D33632DF89B2600DEBE06 /* Coupons.swift in Sources */ = {isa = PBXBuildFile; fileRef = 221D33602DF89B2600DEBE06 /* Coupons.swift */; };
		221D33642DF89B2600DEBE06 /* CouponsView.swift in Sources */ = {isa = PBXBuildFile; fileRef = 221D33612DF89B2600DEBE06 /* CouponsView.swift */; };
		221D33652DF89B2600DEBE06 /* PriceRuleCard.swift in Sources */ = {isa = PBXBuildFile; fileRef = 221D33622DF89B2600DEBE06 /* PriceRuleCard.swift */; };
		221D33682DF89B8C00DEBE06 /* CouponViewModel.swift in Sources */ = {isa = PBXBuildFile; fileRef = 221D33672DF89B8C00DEBE06 /* CouponViewModel.swift */; };
		226631D42E07D95F00FF8554 /* ApplePay.swift in Sources */ = {isa = PBXBuildFile; fileRef = 226631D32E07D95F00FF8554 /* ApplePay.swift */; };
		226ABB8E2E056C3B00A8BA8B /* CartShippingAddress.swift in Sources */ = {isa = PBXBuildFile; fileRef = 226ABB8D2E056C3B00A8BA8B /* CartShippingAddress.swift */; };
		226ABB952E05E2BE00A8BA8B /* CurrencyView.swift in Sources */ = {isa = PBXBuildFile; fileRef = 226ABB942E05E2BE00A8BA8B /* CurrencyView.swift */; };
		226ABB972E05ED3D00A8BA8B /* CurrencyExChange.swift in Sources */ = {isa = PBXBuildFile; fileRef = 226ABB962E05ED3D00A8BA8B /* CurrencyExChange.swift */; };
		226ABB992E05F01E00A8BA8B /* CurrencyRepository.swift in Sources */ = {isa = PBXBuildFile; fileRef = 226ABB982E05F01E00A8BA8B /* CurrencyRepository.swift */; };
		226ABB9B2E05F08D00A8BA8B /* CurrencyRepositoryImpl.swift in Sources */ = {isa = PBXBuildFile; fileRef = 226ABB9A2E05F08D00A8BA8B /* CurrencyRepositoryImpl.swift */; };
		226ABB9D2E05F0E300A8BA8B /* CurrencyUseCase.swift in Sources */ = {isa = PBXBuildFile; fileRef = 226ABB9C2E05F0E300A8BA8B /* CurrencyUseCase.swift */; };
		226ABB9F2E05F48500A8BA8B /* CurrencyViewModel.swift in Sources */ = {isa = PBXBuildFile; fileRef = 226ABB9E2E05F48500A8BA8B /* CurrencyViewModel.swift */; };
		226D3B4F2DFDCD5E00F3BA58 /* FirebaseAnalytics in Frameworks */ = {isa = PBXBuildFile; productRef = 226D3B4E2DFDCD5E00F3BA58 /* FirebaseAnalytics */; };
		226D3B512DFDCD5E00F3BA58 /* FirebaseAnalyticsWithoutAdIdSupport in Frameworks */ = {isa = PBXBuildFile; productRef = 226D3B502DFDCD5E00F3BA58 /* FirebaseAnalyticsWithoutAdIdSupport */; };
		226D3B532DFDCD5E00F3BA58 /* FirebaseAuth in Frameworks */ = {isa = PBXBuildFile; productRef = 226D3B522DFDCD5E00F3BA58 /* FirebaseAuth */; };
		226D3B552DFDCD5E00F3BA58 /* FirebaseFirestore in Frameworks */ = {isa = PBXBuildFile; productRef = 226D3B542DFDCD5E00F3BA58 /* FirebaseFirestore */; };
		226D3B572DFDCD5E00F3BA58 /* FirebaseFirestoreSwift in Frameworks */ = {isa = PBXBuildFile; productRef = 226D3B562DFDCD5E00F3BA58 /* FirebaseFirestoreSwift */; };
		2273839A2DF07FCC007C4B1C /* ShopletApp.swift in Sources */ = {isa = PBXBuildFile; fileRef = 227383992DF07FCC007C4B1C /* ShopletApp.swift */; };
		2273839C2DF07FCC007C4B1C /* ContentView.swift in Sources */ = {isa = PBXBuildFile; fileRef = 2273839B2DF07FCC007C4B1C /* ContentView.swift */; };
		2273839E2DF07FCF007C4B1C /* Assets.xcassets in Resources */ = {isa = PBXBuildFile; fileRef = 2273839D2DF07FCF007C4B1C /* Assets.xcassets */; };
		227383A12DF07FCF007C4B1C /* Preview Assets.xcassets in Resources */ = {isa = PBXBuildFile; fileRef = 227383A02DF07FCF007C4B1C /* Preview Assets.xcassets */; };
		227383A62DF07FCF007C4B1C /* Shoplet.xcdatamodeld in Sources */ = {isa = PBXBuildFile; fileRef = 227383A42DF07FCF007C4B1C /* Shoplet.xcdatamodeld */; };
		227383B02DF07FCF007C4B1C /* ShopletTests.swift in Sources */ = {isa = PBXBuildFile; fileRef = 227383AF2DF07FCF007C4B1C /* ShopletTests.swift */; };
		227383BA2DF07FCF007C4B1C /* ShopletUITests.swift in Sources */ = {isa = PBXBuildFile; fileRef = 227383B92DF07FCF007C4B1C /* ShopletUITests.swift */; };
		227383BC2DF07FCF007C4B1C /* ShopletUITestsLaunchTests.swift in Sources */ = {isa = PBXBuildFile; fileRef = 227383BB2DF07FCF007C4B1C /* ShopletUITestsLaunchTests.swift */; };
		227383CD2DF08C54007C4B1C /* NetworkError.swift in Sources */ = {isa = PBXBuildFile; fileRef = 227383CC2DF08C54007C4B1C /* NetworkError.swift */; };
		227383CF2DF09057007C4B1C /* APIRouter.swift in Sources */ = {isa = PBXBuildFile; fileRef = 227383CE2DF09057007C4B1C /* APIRouter.swift */; };
		227383D32DF0CF2B007C4B1C /* Alamofire in Frameworks */ = {isa = PBXBuildFile; productRef = 227383D22DF0CF2B007C4B1C /* Alamofire */; };
		227383D52DF0CF2B007C4B1C /* AlamofireDynamic in Frameworks */ = {isa = PBXBuildFile; productRef = 227383D42DF0CF2B007C4B1C /* AlamofireDynamic */; };
		227383D62DF0CF2B007C4B1C /* AlamofireDynamic in Embed Frameworks */ = {isa = PBXBuildFile; productRef = 227383D42DF0CF2B007C4B1C /* AlamofireDynamic */; settings = {ATTRIBUTES = (CodeSignOnCopy, ); }; };
		227383D92DF0D448007C4B1C /* APIClient.swift in Sources */ = {isa = PBXBuildFile; fileRef = 227383D82DF0D448007C4B1C /* APIClient.swift */; };
		227383DD2DF0D74D007C4B1C /* ProductModel.swift in Sources */ = {isa = PBXBuildFile; fileRef = 227383DC2DF0D74D007C4B1C /* ProductModel.swift */; };
		227383E02DF0D7E5007C4B1C /* Reachability in Frameworks */ = {isa = PBXBuildFile; productRef = 227383DF2DF0D7E5007C4B1C /* Reachability */; };
		227383E22DF0D7F8007C4B1C /* AppCommon.swift in Sources */ = {isa = PBXBuildFile; fileRef = 227383E12DF0D7F8007C4B1C /* AppCommon.swift */; };
		227383E72DF0DC42007C4B1C /* ProductRepository.swift in Sources */ = {isa = PBXBuildFile; fileRef = 227383E62DF0DC42007C4B1C /* ProductRepository.swift */; };
		227383EA2DF0DC82007C4B1C /* GetProductByIdUseCase.swift in Sources */ = {isa = PBXBuildFile; fileRef = 227383E92DF0DC82007C4B1C /* GetProductByIdUseCase.swift */; };
		227383F32DF0E05C007C4B1C /* GetAllProductsUseCase.swift in Sources */ = {isa = PBXBuildFile; fileRef = 227383F22DF0E05C007C4B1C /* GetAllProductsUseCase.swift */; };
		227383F52DF0E0B3007C4B1C /* ProductRepositoryImpl.swift in Sources */ = {isa = PBXBuildFile; fileRef = 227383F42DF0E0B3007C4B1C /* ProductRepositoryImpl.swift */; };
		227383F72DF0E216007C4B1C /* ProductViewModel.swift in Sources */ = {isa = PBXBuildFile; fileRef = 227383F62DF0E216007C4B1C /* ProductViewModel.swift */; };
		227383F92DF0FB47007C4B1C /* ProductDetailsView.swift in Sources */ = {isa = PBXBuildFile; fileRef = 227383F82DF0FB47007C4B1C /* ProductDetailsView.swift */; };
		2296CA622E04B2CB0028F295 /* Cities.swift in Sources */ = {isa = PBXBuildFile; fileRef = 2296CA602E04B2CB0028F295 /* Cities.swift */; };
		2296CA632E04B2CB0028F295 /* Address.swift in Sources */ = {isa = PBXBuildFile; fileRef = 2296CA612E04B2CB0028F295 /* Address.swift */; };
		2296CA662E04B7AA0028F295 /* AddressesRepository.swift in Sources */ = {isa = PBXBuildFile; fileRef = 2296CA642E04B7AA0028F295 /* AddressesRepository.swift */; };
		2296CA672E04B7AA0028F295 /* AddressesRepositoryImpl.swift in Sources */ = {isa = PBXBuildFile; fileRef = 2296CA652E04B7AA0028F295 /* AddressesRepositoryImpl.swift */; };
		2296CA6E2E04B8580028F295 /* GetUserAddressesUseCase.swift in Sources */ = {isa = PBXBuildFile; fileRef = 2296CA682E04B8580028F295 /* GetUserAddressesUseCase.swift */; };
		2296CA6F2E04B8580028F295 /* DeleteAddressUseCase.swift in Sources */ = {isa = PBXBuildFile; fileRef = 2296CA692E04B8580028F295 /* DeleteAddressUseCase.swift */; };
		2296CA702E04B8580028F295 /* MarkDefaultAddressUseCase.swift in Sources */ = {isa = PBXBuildFile; fileRef = 2296CA6A2E04B8580028F295 /* MarkDefaultAddressUseCase.swift */; };
		2296CA712E04B8580028F295 /* UpdateCustomerUseCase.swift in Sources */ = {isa = PBXBuildFile; fileRef = 2296CA6B2E04B8580028F295 /* UpdateCustomerUseCase.swift */; };
		2296CA722E04B8580028F295 /* CitiesUseCase.swift in Sources */ = {isa = PBXBuildFile; fileRef = 2296CA6C2E04B8580028F295 /* CitiesUseCase.swift */; };
		2296CA732E04B8580028F295 /* CreateAddressUseCase.swift in Sources */ = {isa = PBXBuildFile; fileRef = 2296CA6D2E04B8580028F295 /* CreateAddressUseCase.swift */; };
		2296CA762E04BA860028F295 /* ProfileViewModel.swift in Sources */ = {isa = PBXBuildFile; fileRef = 2296CA752E04BA860028F295 /* ProfileViewModel.swift */; };
		2296CA7C2E04BB4A0028F295 /* LocationViewModel.swift in Sources */ = {isa = PBXBuildFile; fileRef = 2296CA7A2E04BB4A0028F295 /* LocationViewModel.swift */; };
		2296CA7D2E04BB4A0028F295 /* AddressViewModel.swift in Sources */ = {isa = PBXBuildFile; fileRef = 2296CA7B2E04BB4A0028F295 /* AddressViewModel.swift */; };
		2296CA822E04BBA40028F295 /* AddAddress.swift in Sources */ = {isa = PBXBuildFile; fileRef = 2296CA7E2E04BBA40028F295 /* AddAddress.swift */; };
		2296CA832E04BBA40028F295 /* CitiesListView.swift in Sources */ = {isa = PBXBuildFile; fileRef = 2296CA7F2E04BBA40028F295 /* CitiesListView.swift */; };
		2296CA842E04BBA40028F295 /* Map.swift in Sources */ = {isa = PBXBuildFile; fileRef = 2296CA802E04BBA40028F295 /* Map.swift */; };
		2296CA852E04BBA40028F295 /* AddressesView.swift in Sources */ = {isa = PBXBuildFile; fileRef = 2296CA812E04BBA40028F295 /* AddressesView.swift */; };
		22C8C0C02E02098A001711BA /* FavoriteViewModel.swift in Sources */ = {isa = PBXBuildFile; fileRef = 22C8C0BF2E02098A001711BA /* FavoriteViewModel.swift */; };
		22C8C0C22E0209C1001711BA /* FavoriteItem.swift in Sources */ = {isa = PBXBuildFile; fileRef = 22C8C0C12E0209C1001711BA /* FavoriteItem.swift */; };
		22C8C0C52E021D1F001711BA /* CoreDataManager.swift in Sources */ = {isa = PBXBuildFile; fileRef = 22C8C0C42E021D1F001711BA /* CoreDataManager.swift */; };
		22C8C0C72E02B44F001711BA /* FirestoreManager.swift in Sources */ = {isa = PBXBuildFile; fileRef = 22C8C0C62E02B44F001711BA /* FirestoreManager.swift */; };
		22D70DA72E088B6700B6DD92 /* ApplePayButton.swift in Sources */ = {isa = PBXBuildFile; fileRef = 22D70DA62E088B6700B6DD92 /* ApplePayButton.swift */; };
		22DB73B02DFDB6610021EF75 /* AuthScreen.swift in Sources */ = {isa = PBXBuildFile; fileRef = 22DB73AE2DFDB6600021EF75 /* AuthScreen.swift */; };
		22DB73B12DFDB6610021EF75 /* CustomerModel.swift in Sources */ = {isa = PBXBuildFile; fileRef = 22DB73AF2DFDB6610021EF75 /* CustomerModel.swift */; };
		22DB73B32DFDB8EB0021EF75 /* GoogleService-Info.plist in Resources */ = {isa = PBXBuildFile; fileRef = 22DB73B22DFDB8EB0021EF75 /* GoogleService-Info.plist */; };
		22DB73BC2DFDB9690021EF75 /* VerificationView.swift in Sources */ = {isa = PBXBuildFile; fileRef = 22DB73B72DFDB9680021EF75 /* VerificationView.swift */; };
		22DB73BD2DFDB9690021EF75 /* RegisterSuccessView.swift in Sources */ = {isa = PBXBuildFile; fileRef = 22DB73B82DFDB9680021EF75 /* RegisterSuccessView.swift */; };
		22DB73BE2DFDB9690021EF75 /* CreateAccountView.swift in Sources */ = {isa = PBXBuildFile; fileRef = 22DB73B92DFDB9690021EF75 /* CreateAccountView.swift */; };
		22DB73BF2DFDB9690021EF75 /* SignInView.swift in Sources */ = {isa = PBXBuildFile; fileRef = 22DB73BA2DFDB9690021EF75 /* SignInView.swift */; };
		22DB73C02DFDB9690021EF75 /* AuthView.swift in Sources */ = {isa = PBXBuildFile; fileRef = 22DB73BB2DFDB9690021EF75 /* AuthView.swift */; };
		22DB73C22DFDB9A00021EF75 /* CustomerViewModel.swift in Sources */ = {isa = PBXBuildFile; fileRef = 22DB73C12DFDB9A00021EF75 /* CustomerViewModel.swift */; };
		22DB73C52DFDB9FF0021EF75 /* CustomerRepository.swift in Sources */ = {isa = PBXBuildFile; fileRef = 22DB73C32DFDB9FE0021EF75 /* CustomerRepository.swift */; };
		22DB73C62DFDB9FF0021EF75 /* CustomerRepositoryImpl.swift in Sources */ = {isa = PBXBuildFile; fileRef = 22DB73C42DFDB9FF0021EF75 /* CustomerRepositoryImpl.swift */; };
		22DB73CA2DFDBA290021EF75 /* CustomerUseCase.swift in Sources */ = {isa = PBXBuildFile; fileRef = 22DB73C72DFDBA280021EF75 /* CustomerUseCase.swift */; };
		22DB73CB2DFDBA290021EF75 /* GetAllCustomerUseCase.swift in Sources */ = {isa = PBXBuildFile; fileRef = 22DB73C82DFDBA290021EF75 /* GetAllCustomerUseCase.swift */; };
		22DB73CC2DFDBA290021EF75 /* GetCustomerByIdUseCase.swift in Sources */ = {isa = PBXBuildFile; fileRef = 22DB73C92DFDBA290021EF75 /* GetCustomerByIdUseCase.swift */; };
		22DB73D02DFDBAB40021EF75 /* CustomTextField.swift in Sources */ = {isa = PBXBuildFile; fileRef = 22DB73CE2DFDBAB40021EF75 /* CustomTextField.swift */; };
		22DB73D12DFDBAB40021EF75 /* PrimaryButton.swift in Sources */ = {isa = PBXBuildFile; fileRef = 22DB73CF2DFDBAB40021EF75 /* PrimaryButton.swift */; };
		22FAE3A82E0D5485005E7270 /* empty.json in Resources */ = {isa = PBXBuildFile; fileRef = 22FAE3A72E0D5485005E7270 /* empty.json */; };
		22FAE3AA2E0D585B005E7270 /* AuthRestrictionAlert.swift in Sources */ = {isa = PBXBuildFile; fileRef = 22FAE3A92E0D585B005E7270 /* AuthRestrictionAlert.swift */; };
		22FAE3AC2E0D5A7A005E7270 /* GuestModeProfileView.swift in Sources */ = {isa = PBXBuildFile; fileRef = 22FAE3AB2E0D5A7A005E7270 /* GuestModeProfileView.swift */; };
		22FAE3AF2E0D5ADB005E7270 /* profile-lottie.json in Resources */ = {isa = PBXBuildFile; fileRef = 22FAE3AE2E0D5ADB005E7270 /* profile-lottie.json */; };
		22FE271F2DF45BFC00442B9D /* SplashScreen.swift in Sources */ = {isa = PBXBuildFile; fileRef = 22FE271E2DF45BFC00442B9D /* SplashScreen.swift */; };
		22FE27212DF45C3A00442B9D /* OnboardingScreen.swift in Sources */ = {isa = PBXBuildFile; fileRef = 22FE27202DF45C3A00442B9D /* OnboardingScreen.swift */; };
		22FE27232DF45C6300442B9D /* OnboardingPageView.swift in Sources */ = {isa = PBXBuildFile; fileRef = 22FE27222DF45C6300442B9D /* OnboardingPageView.swift */; };
		22FE27262DF45CAC00442B9D /* Color.swift in Sources */ = {isa = PBXBuildFile; fileRef = 22FE27252DF45CAC00442B9D /* Color.swift */; };
		22FE27282DF45CD100442B9D /* Font.swift in Sources */ = {isa = PBXBuildFile; fileRef = 22FE27272DF45CD100442B9D /* Font.swift */; };
		22FE272A2DF45CE600442B9D /* AppTheme.swift in Sources */ = {isa = PBXBuildFile; fileRef = 22FE27292DF45CE600442B9D /* AppTheme.swift */; };
		22FE272E2DF4693700442B9D /* AllProductTest.swift in Sources */ = {isa = PBXBuildFile; fileRef = 22FE272D2DF4693700442B9D /* AllProductTest.swift */; };
		752F02242E0CB80400D6136E /* MockProductRepository.swift in Sources */ = {isa = PBXBuildFile; fileRef = 752F02232E0CB80400D6136E /* MockProductRepository.swift */; };
		752F02262E0CB82200D6136E /* HomeViewModelTests.swift in Sources */ = {isa = PBXBuildFile; fileRef = 752F02252E0CB82200D6136E /* HomeViewModelTests.swift */; };
		752F02282E0CB84100D6136E /* CategoryViewModelTests.swift in Sources */ = {isa = PBXBuildFile; fileRef = 752F02272E0CB84100D6136E /* CategoryViewModelTests.swift */; };
		75651EF42E0AE26800EF06F1 /* OrderConfirmationView.swift in Sources */ = {isa = PBXBuildFile; fileRef = 75651EF32E0AE26800EF06F1 /* OrderConfirmationView.swift */; };
		75651EF72E0B0CAE00EF06F1 /* OrderViewModel.swift in Sources */ = {isa = PBXBuildFile; fileRef = 75651EF62E0B0CAE00EF06F1 /* OrderViewModel.swift */; };
		75651EFC2E0B0E0D00EF06F1 /* OrdersListView.swift in Sources */ = {isa = PBXBuildFile; fileRef = 75651EFB2E0B0E0D00EF06F1 /* OrdersListView.swift */; };
		75651EFE2E0B0E6A00EF06F1 /* OrderDetailsView.swift in Sources */ = {isa = PBXBuildFile; fileRef = 75651EFD2E0B0E6A00EF06F1 /* OrderDetailsView.swift */; };
		75651F002E0B490A00EF06F1 /* Order.swift in Sources */ = {isa = PBXBuildFile; fileRef = 75651EFF2E0B490A00EF06F1 /* Order.swift */; };
		75651F022E0B540000EF06F1 /* GetOrdersForCustomerUseCase.swift in Sources */ = {isa = PBXBuildFile; fileRef = 75651F012E0B540000EF06F1 /* GetOrdersForCustomerUseCase.swift */; };
		75651F042E0B657700EF06F1 /* OrdersRepository.swift in Sources */ = {isa = PBXBuildFile; fileRef = 75651F032E0B657700EF06F1 /* OrdersRepository.swift */; };
		75651F062E0B65A800EF06F1 /* OrdersRepositoryImpl.swift in Sources */ = {isa = PBXBuildFile; fileRef = 75651F052E0B65A800EF06F1 /* OrdersRepositoryImpl.swift */; };
		75656B9E2E0C933900AA13F8 /* LottieView.swift in Sources */ = {isa = PBXBuildFile; fileRef = 75656B9D2E0C933900AA13F8 /* LottieView.swift */; };
		75656BA12E0C93A500AA13F8 /* Lottie in Frameworks */ = {isa = PBXBuildFile; productRef = 75656BA02E0C93A500AA13F8 /* Lottie */; };
		75656BA32E0C93A500AA13F8 /* Lottie-Dynamic in Frameworks */ = {isa = PBXBuildFile; productRef = 75656BA22E0C93A500AA13F8 /* Lottie-Dynamic */; };
		7580B53E2DFF54B4001FD4BB /* CategoryViewModel.swift in Sources */ = {isa = PBXBuildFile; fileRef = 7580B53D2DFF54B4001FD4BB /* CategoryViewModel.swift */; };
		7580B5402DFF5525001FD4BB /* ProductCardView.swift in Sources */ = {isa = PBXBuildFile; fileRef = 7580B53F2DFF5525001FD4BB /* ProductCardView.swift */; };
		7580B5422DFF55A3001FD4BB /* BestSellersView.swift in Sources */ = {isa = PBXBuildFile; fileRef = 7580B5412DFF55A3001FD4BB /* BestSellersView.swift */; };
		75B306DA2DF7A7F900AB1965 /* BrandProductsViewModel.swift in Sources */ = {isa = PBXBuildFile; fileRef = 75B306D92DF7A7F900AB1965 /* BrandProductsViewModel.swift */; };
		75B306DC2DF7A81C00AB1965 /* HomeViewModel.swift in Sources */ = {isa = PBXBuildFile; fileRef = 75B306DB2DF7A81C00AB1965 /* HomeViewModel.swift */; };
		75B306DF2DF7A86A00AB1965 /* HomeView.swift in Sources */ = {isa = PBXBuildFile; fileRef = 75B306DE2DF7A86A00AB1965 /* HomeView.swift */; };
		75B306E12DF7A87B00AB1965 /* CustomeTabBarView.swift in Sources */ = {isa = PBXBuildFile; fileRef = 75B306E02DF7A87B00AB1965 /* CustomeTabBarView.swift */; };
		75B306E32DF7A89600AB1965 /* ProductItemView.swift in Sources */ = {isa = PBXBuildFile; fileRef = 75B306E22DF7A89600AB1965 /* ProductItemView.swift */; };
		75B306E72DF7A8BB00AB1965 /* ImageCarouselView.swift in Sources */ = {isa = PBXBuildFile; fileRef = 75B306E62DF7A8BB00AB1965 /* ImageCarouselView.swift */; };
		75B306EA2DF7A8DD00AB1965 /* BrandProductsView.swift in Sources */ = {isa = PBXBuildFile; fileRef = 75B306E92DF7A8DD00AB1965 /* BrandProductsView.swift */; };
		75B306EC2DF7A98700AB1965 /* Support.swift in Sources */ = {isa = PBXBuildFile; fileRef = 75B306EB2DF7A98700AB1965 /* Support.swift */; };
		75B306EE2DF7A9C500AB1965 /* bestSellerProduct.swift in Sources */ = {isa = PBXBuildFile; fileRef = 75B306ED2DF7A9C500AB1965 /* bestSellerProduct.swift */; };
		75B306F02DF7A9E900AB1965 /* Brand.swift in Sources */ = {isa = PBXBuildFile; fileRef = 75B306EF2DF7A9E900AB1965 /* Brand.swift */; };
		75B306F22DF7AA2F00AB1965 /* GetAllBrandsUseCase.swift in Sources */ = {isa = PBXBuildFile; fileRef = 75B306F12DF7AA2F00AB1965 /* GetAllBrandsUseCase.swift */; };
		75B306F42DF7AA4000AB1965 /* GetBestSellersUseCase.swift in Sources */ = {isa = PBXBuildFile; fileRef = 75B306F32DF7AA4000AB1965 /* GetBestSellersUseCase.swift */; };
		75B306FA2DF7AAB000AB1965 /* CategoryView.swift in Sources */ = {isa = PBXBuildFile; fileRef = 75B306F92DF7AAB000AB1965 /* CategoryView.swift */; };
		75B306FC2DF7AAC700AB1965 /* FavoriteView.swift in Sources */ = {isa = PBXBuildFile; fileRef = 75B306FB2DF7AAC700AB1965 /* FavoriteView.swift */; };
		75B306FE2DF7AAE100AB1965 /* CartView.swift in Sources */ = {isa = PBXBuildFile; fileRef = 75B306FD2DF7AAE100AB1965 /* CartView.swift */; };
		75B307002DF7AAF700AB1965 /* MeView.swift in Sources */ = {isa = PBXBuildFile; fileRef = 75B306FF2DF7AAF700AB1965 /* MeView.swift */; };
/* End PBXBuildFile section */

/* Begin PBXContainerItemProxy section */
		227383AC2DF07FCF007C4B1C /* PBXContainerItemProxy */ = {
			isa = PBXContainerItemProxy;
			containerPortal = 2273838E2DF07FCC007C4B1C /* Project object */;
			proxyType = 1;
			remoteGlobalIDString = 227383952DF07FCC007C4B1C;
			remoteInfo = Shoplet;
		};
		227383B62DF07FCF007C4B1C /* PBXContainerItemProxy */ = {
			isa = PBXContainerItemProxy;
			containerPortal = 2273838E2DF07FCC007C4B1C /* Project object */;
			proxyType = 1;
			remoteGlobalIDString = 227383952DF07FCC007C4B1C;
			remoteInfo = Shoplet;
		};
/* End PBXContainerItemProxy section */

/* Begin PBXCopyFilesBuildPhase section */
		227383D72DF0CF2B007C4B1C /* Embed Frameworks */ = {
			isa = PBXCopyFilesBuildPhase;
			buildActionMask = 2147483647;
			dstPath = "";
			dstSubfolderSpec = 10;
			files = (
				227383D62DF0CF2B007C4B1C /* AlamofireDynamic in Embed Frameworks */,
			);
			name = "Embed Frameworks";
			runOnlyForDeploymentPostprocessing = 0;
		};
/* End PBXCopyFilesBuildPhase section */

/* Begin PBXFileReference section */
		221437602DFD5BF200DF3B93 /* CheckoutPage.swift */ = {isa = PBXFileReference; lastKnownFileType = sourcecode.swift; path = CheckoutPage.swift; sourceTree = "<group>"; };
		221746F22DF962ED0075F63C /* DraftOrder.swift */ = {isa = PBXFileReference; lastKnownFileType = sourcecode.swift; path = DraftOrder.swift; sourceTree = "<group>"; };
		221746F42DF98ECD0075F63C /* DraftOrderUseCase.swift */ = {isa = PBXFileReference; lastKnownFileType = sourcecode.swift; path = DraftOrderUseCase.swift; sourceTree = "<group>"; };
		221746FA2DF9C84C0075F63C /* Methods.swift */ = {isa = PBXFileReference; lastKnownFileType = sourcecode.swift; path = Methods.swift; sourceTree = "<group>"; };
		221746FC2DF9E2D80075F63C /* UserDefaultManager.swift */ = {isa = PBXFileReference; lastKnownFileType = sourcecode.swift; path = UserDefaultManager.swift; sourceTree = "<group>"; };
		221746FE2DFA0F250075F63C /* CartItem.swift */ = {isa = PBXFileReference; lastKnownFileType = sourcecode.swift; path = CartItem.swift; sourceTree = "<group>"; };
		221747002DFA15470075F63C /* CartViewModel.swift */ = {isa = PBXFileReference; lastKnownFileType = sourcecode.swift; path = CartViewModel.swift; sourceTree = "<group>"; };
		221747032DFA4B050075F63C /* Empty.swift */ = {isa = PBXFileReference; lastKnownFileType = sourcecode.swift; path = Empty.swift; sourceTree = "<group>"; };
		221D33572DF89A3D00DEBE06 /* Coupon.swift */ = {isa = PBXFileReference; fileEncoding = 4; lastKnownFileType = sourcecode.swift; path = Coupon.swift; sourceTree = "<group>"; };
		221D33582DF89A3D00DEBE06 /* PriceRule.swift */ = {isa = PBXFileReference; fileEncoding = 4; lastKnownFileType = sourcecode.swift; path = PriceRule.swift; sourceTree = "<group>"; };
		221D335B2DF89A7500DEBE06 /* PriceRulesUseCase.swift */ = {isa = PBXFileReference; fileEncoding = 4; lastKnownFileType = sourcecode.swift; path = PriceRulesUseCase.swift; sourceTree = "<group>"; };
		221D335C2DF89A7500DEBE06 /* CouponsUseCase.swift */ = {isa = PBXFileReference; fileEncoding = 4; lastKnownFileType = sourcecode.swift; path = CouponsUseCase.swift; sourceTree = "<group>"; };
		221D33602DF89B2600DEBE06 /* Coupons.swift */ = {isa = PBXFileReference; fileEncoding = 4; lastKnownFileType = sourcecode.swift; path = Coupons.swift; sourceTree = "<group>"; };
		221D33612DF89B2600DEBE06 /* CouponsView.swift */ = {isa = PBXFileReference; fileEncoding = 4; lastKnownFileType = sourcecode.swift; path = CouponsView.swift; sourceTree = "<group>"; };
		221D33622DF89B2600DEBE06 /* PriceRuleCard.swift */ = {isa = PBXFileReference; fileEncoding = 4; lastKnownFileType = sourcecode.swift; path = PriceRuleCard.swift; sourceTree = "<group>"; };
		221D33672DF89B8C00DEBE06 /* CouponViewModel.swift */ = {isa = PBXFileReference; fileEncoding = 4; lastKnownFileType = sourcecode.swift; path = CouponViewModel.swift; sourceTree = "<group>"; };
		226631D32E07D95F00FF8554 /* ApplePay.swift */ = {isa = PBXFileReference; lastKnownFileType = sourcecode.swift; path = ApplePay.swift; sourceTree = "<group>"; };
		226ABB8D2E056C3B00A8BA8B /* CartShippingAddress.swift */ = {isa = PBXFileReference; lastKnownFileType = sourcecode.swift; path = CartShippingAddress.swift; sourceTree = "<group>"; };
		226ABB942E05E2BE00A8BA8B /* CurrencyView.swift */ = {isa = PBXFileReference; lastKnownFileType = sourcecode.swift; path = CurrencyView.swift; sourceTree = "<group>"; };
		226ABB962E05ED3D00A8BA8B /* CurrencyExChange.swift */ = {isa = PBXFileReference; lastKnownFileType = sourcecode.swift; path = CurrencyExChange.swift; sourceTree = "<group>"; };
		226ABB982E05F01E00A8BA8B /* CurrencyRepository.swift */ = {isa = PBXFileReference; lastKnownFileType = sourcecode.swift; path = CurrencyRepository.swift; sourceTree = "<group>"; };
		226ABB9A2E05F08D00A8BA8B /* CurrencyRepositoryImpl.swift */ = {isa = PBXFileReference; lastKnownFileType = sourcecode.swift; path = CurrencyRepositoryImpl.swift; sourceTree = "<group>"; };
		226ABB9C2E05F0E300A8BA8B /* CurrencyUseCase.swift */ = {isa = PBXFileReference; lastKnownFileType = sourcecode.swift; path = CurrencyUseCase.swift; sourceTree = "<group>"; };
		226ABB9E2E05F48500A8BA8B /* CurrencyViewModel.swift */ = {isa = PBXFileReference; lastKnownFileType = sourcecode.swift; path = CurrencyViewModel.swift; sourceTree = "<group>"; };
		227383962DF07FCC007C4B1C /* Shoplet.app */ = {isa = PBXFileReference; explicitFileType = wrapper.application; includeInIndex = 0; path = Shoplet.app; sourceTree = BUILT_PRODUCTS_DIR; };
		227383992DF07FCC007C4B1C /* ShopletApp.swift */ = {isa = PBXFileReference; lastKnownFileType = sourcecode.swift; path = ShopletApp.swift; sourceTree = "<group>"; };
		2273839B2DF07FCC007C4B1C /* ContentView.swift */ = {isa = PBXFileReference; lastKnownFileType = sourcecode.swift; path = ContentView.swift; sourceTree = "<group>"; };
		2273839D2DF07FCF007C4B1C /* Assets.xcassets */ = {isa = PBXFileReference; lastKnownFileType = folder.assetcatalog; path = Assets.xcassets; sourceTree = "<group>"; };
		227383A02DF07FCF007C4B1C /* Preview Assets.xcassets */ = {isa = PBXFileReference; lastKnownFileType = folder.assetcatalog; path = "Preview Assets.xcassets"; sourceTree = "<group>"; };
		227383A52DF07FCF007C4B1C /* Shoplet.xcdatamodel */ = {isa = PBXFileReference; lastKnownFileType = wrapper.xcdatamodel; path = Shoplet.xcdatamodel; sourceTree = "<group>"; };
		227383AB2DF07FCF007C4B1C /* ShopletTests.xctest */ = {isa = PBXFileReference; explicitFileType = wrapper.cfbundle; includeInIndex = 0; path = ShopletTests.xctest; sourceTree = BUILT_PRODUCTS_DIR; };
		227383AF2DF07FCF007C4B1C /* ShopletTests.swift */ = {isa = PBXFileReference; lastKnownFileType = sourcecode.swift; path = ShopletTests.swift; sourceTree = "<group>"; };
		227383B52DF07FCF007C4B1C /* ShopletUITests.xctest */ = {isa = PBXFileReference; explicitFileType = wrapper.cfbundle; includeInIndex = 0; path = ShopletUITests.xctest; sourceTree = BUILT_PRODUCTS_DIR; };
		227383B92DF07FCF007C4B1C /* ShopletUITests.swift */ = {isa = PBXFileReference; lastKnownFileType = sourcecode.swift; path = ShopletUITests.swift; sourceTree = "<group>"; };
		227383BB2DF07FCF007C4B1C /* ShopletUITestsLaunchTests.swift */ = {isa = PBXFileReference; lastKnownFileType = sourcecode.swift; path = ShopletUITestsLaunchTests.swift; sourceTree = "<group>"; };
		227383CC2DF08C54007C4B1C /* NetworkError.swift */ = {isa = PBXFileReference; lastKnownFileType = sourcecode.swift; path = NetworkError.swift; sourceTree = "<group>"; };
		227383CE2DF09057007C4B1C /* APIRouter.swift */ = {isa = PBXFileReference; lastKnownFileType = sourcecode.swift; path = APIRouter.swift; sourceTree = "<group>"; };
		227383D82DF0D448007C4B1C /* APIClient.swift */ = {isa = PBXFileReference; lastKnownFileType = sourcecode.swift; path = APIClient.swift; sourceTree = "<group>"; };
		227383DC2DF0D74D007C4B1C /* ProductModel.swift */ = {isa = PBXFileReference; lastKnownFileType = sourcecode.swift; path = ProductModel.swift; sourceTree = "<group>"; };
		227383E12DF0D7F8007C4B1C /* AppCommon.swift */ = {isa = PBXFileReference; lastKnownFileType = sourcecode.swift; path = AppCommon.swift; sourceTree = "<group>"; };
		227383E62DF0DC42007C4B1C /* ProductRepository.swift */ = {isa = PBXFileReference; lastKnownFileType = sourcecode.swift; path = ProductRepository.swift; sourceTree = "<group>"; };
		227383E92DF0DC82007C4B1C /* GetProductByIdUseCase.swift */ = {isa = PBXFileReference; lastKnownFileType = sourcecode.swift; path = GetProductByIdUseCase.swift; sourceTree = "<group>"; };
		227383F22DF0E05C007C4B1C /* GetAllProductsUseCase.swift */ = {isa = PBXFileReference; lastKnownFileType = sourcecode.swift; path = GetAllProductsUseCase.swift; sourceTree = "<group>"; };
		227383F42DF0E0B3007C4B1C /* ProductRepositoryImpl.swift */ = {isa = PBXFileReference; lastKnownFileType = sourcecode.swift; path = ProductRepositoryImpl.swift; sourceTree = "<group>"; };
		227383F62DF0E216007C4B1C /* ProductViewModel.swift */ = {isa = PBXFileReference; lastKnownFileType = sourcecode.swift; path = ProductViewModel.swift; sourceTree = "<group>"; };
		227383F82DF0FB47007C4B1C /* ProductDetailsView.swift */ = {isa = PBXFileReference; lastKnownFileType = sourcecode.swift; path = ProductDetailsView.swift; sourceTree = "<group>"; };
		2296CA602E04B2CB0028F295 /* Cities.swift */ = {isa = PBXFileReference; fileEncoding = 4; lastKnownFileType = sourcecode.swift; path = Cities.swift; sourceTree = "<group>"; };
		2296CA612E04B2CB0028F295 /* Address.swift */ = {isa = PBXFileReference; fileEncoding = 4; lastKnownFileType = sourcecode.swift; path = Address.swift; sourceTree = "<group>"; };
		2296CA642E04B7AA0028F295 /* AddressesRepository.swift */ = {isa = PBXFileReference; fileEncoding = 4; lastKnownFileType = sourcecode.swift; path = AddressesRepository.swift; sourceTree = "<group>"; };
		2296CA652E04B7AA0028F295 /* AddressesRepositoryImpl.swift */ = {isa = PBXFileReference; fileEncoding = 4; lastKnownFileType = sourcecode.swift; path = AddressesRepositoryImpl.swift; sourceTree = "<group>"; };
		2296CA682E04B8580028F295 /* GetUserAddressesUseCase.swift */ = {isa = PBXFileReference; fileEncoding = 4; lastKnownFileType = sourcecode.swift; path = GetUserAddressesUseCase.swift; sourceTree = "<group>"; };
		2296CA692E04B8580028F295 /* DeleteAddressUseCase.swift */ = {isa = PBXFileReference; fileEncoding = 4; lastKnownFileType = sourcecode.swift; path = DeleteAddressUseCase.swift; sourceTree = "<group>"; };
		2296CA6A2E04B8580028F295 /* MarkDefaultAddressUseCase.swift */ = {isa = PBXFileReference; fileEncoding = 4; lastKnownFileType = sourcecode.swift; path = MarkDefaultAddressUseCase.swift; sourceTree = "<group>"; };
		2296CA6B2E04B8580028F295 /* UpdateCustomerUseCase.swift */ = {isa = PBXFileReference; fileEncoding = 4; lastKnownFileType = sourcecode.swift; path = UpdateCustomerUseCase.swift; sourceTree = "<group>"; };
		2296CA6C2E04B8580028F295 /* CitiesUseCase.swift */ = {isa = PBXFileReference; fileEncoding = 4; lastKnownFileType = sourcecode.swift; path = CitiesUseCase.swift; sourceTree = "<group>"; };
		2296CA6D2E04B8580028F295 /* CreateAddressUseCase.swift */ = {isa = PBXFileReference; fileEncoding = 4; lastKnownFileType = sourcecode.swift; path = CreateAddressUseCase.swift; sourceTree = "<group>"; };
		2296CA752E04BA860028F295 /* ProfileViewModel.swift */ = {isa = PBXFileReference; fileEncoding = 4; lastKnownFileType = sourcecode.swift; path = ProfileViewModel.swift; sourceTree = "<group>"; };
		2296CA7A2E04BB4A0028F295 /* LocationViewModel.swift */ = {isa = PBXFileReference; fileEncoding = 4; lastKnownFileType = sourcecode.swift; path = LocationViewModel.swift; sourceTree = "<group>"; };
		2296CA7B2E04BB4A0028F295 /* AddressViewModel.swift */ = {isa = PBXFileReference; fileEncoding = 4; lastKnownFileType = sourcecode.swift; path = AddressViewModel.swift; sourceTree = "<group>"; };
		2296CA7E2E04BBA40028F295 /* AddAddress.swift */ = {isa = PBXFileReference; fileEncoding = 4; lastKnownFileType = sourcecode.swift; path = AddAddress.swift; sourceTree = "<group>"; };
		2296CA7F2E04BBA40028F295 /* CitiesListView.swift */ = {isa = PBXFileReference; fileEncoding = 4; lastKnownFileType = sourcecode.swift; path = CitiesListView.swift; sourceTree = "<group>"; };
		2296CA802E04BBA40028F295 /* Map.swift */ = {isa = PBXFileReference; fileEncoding = 4; lastKnownFileType = sourcecode.swift; path = Map.swift; sourceTree = "<group>"; };
		2296CA812E04BBA40028F295 /* AddressesView.swift */ = {isa = PBXFileReference; fileEncoding = 4; lastKnownFileType = sourcecode.swift; path = AddressesView.swift; sourceTree = "<group>"; };
		22C8C0BF2E02098A001711BA /* FavoriteViewModel.swift */ = {isa = PBXFileReference; lastKnownFileType = sourcecode.swift; path = FavoriteViewModel.swift; sourceTree = "<group>"; };
		22C8C0C12E0209C1001711BA /* FavoriteItem.swift */ = {isa = PBXFileReference; lastKnownFileType = sourcecode.swift; path = FavoriteItem.swift; sourceTree = "<group>"; };
		22C8C0C42E021D1F001711BA /* CoreDataManager.swift */ = {isa = PBXFileReference; lastKnownFileType = sourcecode.swift; path = CoreDataManager.swift; sourceTree = "<group>"; };
		22C8C0C62E02B44F001711BA /* FirestoreManager.swift */ = {isa = PBXFileReference; lastKnownFileType = sourcecode.swift; path = FirestoreManager.swift; sourceTree = "<group>"; };
		22D70DA62E088B6700B6DD92 /* ApplePayButton.swift */ = {isa = PBXFileReference; lastKnownFileType = sourcecode.swift; path = ApplePayButton.swift; sourceTree = "<group>"; };
		22DB73AE2DFDB6600021EF75 /* AuthScreen.swift */ = {isa = PBXFileReference; fileEncoding = 4; lastKnownFileType = sourcecode.swift; path = AuthScreen.swift; sourceTree = "<group>"; };
		22DB73AF2DFDB6610021EF75 /* CustomerModel.swift */ = {isa = PBXFileReference; fileEncoding = 4; lastKnownFileType = sourcecode.swift; path = CustomerModel.swift; sourceTree = "<group>"; };
		22DB73B22DFDB8EB0021EF75 /* GoogleService-Info.plist */ = {isa = PBXFileReference; fileEncoding = 4; lastKnownFileType = text.plist.xml; path = "GoogleService-Info.plist"; sourceTree = "<group>"; };
		22DB73B72DFDB9680021EF75 /* VerificationView.swift */ = {isa = PBXFileReference; fileEncoding = 4; lastKnownFileType = sourcecode.swift; path = VerificationView.swift; sourceTree = "<group>"; };
		22DB73B82DFDB9680021EF75 /* RegisterSuccessView.swift */ = {isa = PBXFileReference; fileEncoding = 4; lastKnownFileType = sourcecode.swift; path = RegisterSuccessView.swift; sourceTree = "<group>"; };
		22DB73B92DFDB9690021EF75 /* CreateAccountView.swift */ = {isa = PBXFileReference; fileEncoding = 4; lastKnownFileType = sourcecode.swift; path = CreateAccountView.swift; sourceTree = "<group>"; };
		22DB73BA2DFDB9690021EF75 /* SignInView.swift */ = {isa = PBXFileReference; fileEncoding = 4; lastKnownFileType = sourcecode.swift; path = SignInView.swift; sourceTree = "<group>"; };
		22DB73BB2DFDB9690021EF75 /* AuthView.swift */ = {isa = PBXFileReference; fileEncoding = 4; lastKnownFileType = sourcecode.swift; path = AuthView.swift; sourceTree = "<group>"; };
		22DB73C12DFDB9A00021EF75 /* CustomerViewModel.swift */ = {isa = PBXFileReference; fileEncoding = 4; lastKnownFileType = sourcecode.swift; path = CustomerViewModel.swift; sourceTree = "<group>"; };
		22DB73C32DFDB9FE0021EF75 /* CustomerRepository.swift */ = {isa = PBXFileReference; fileEncoding = 4; lastKnownFileType = sourcecode.swift; path = CustomerRepository.swift; sourceTree = "<group>"; };
		22DB73C42DFDB9FF0021EF75 /* CustomerRepositoryImpl.swift */ = {isa = PBXFileReference; fileEncoding = 4; lastKnownFileType = sourcecode.swift; path = CustomerRepositoryImpl.swift; sourceTree = "<group>"; };
		22DB73C72DFDBA280021EF75 /* CustomerUseCase.swift */ = {isa = PBXFileReference; fileEncoding = 4; lastKnownFileType = sourcecode.swift; path = CustomerUseCase.swift; sourceTree = "<group>"; };
		22DB73C82DFDBA290021EF75 /* GetAllCustomerUseCase.swift */ = {isa = PBXFileReference; fileEncoding = 4; lastKnownFileType = sourcecode.swift; path = GetAllCustomerUseCase.swift; sourceTree = "<group>"; };
		22DB73C92DFDBA290021EF75 /* GetCustomerByIdUseCase.swift */ = {isa = PBXFileReference; fileEncoding = 4; lastKnownFileType = sourcecode.swift; path = GetCustomerByIdUseCase.swift; sourceTree = "<group>"; };
		22DB73CE2DFDBAB40021EF75 /* CustomTextField.swift */ = {isa = PBXFileReference; fileEncoding = 4; lastKnownFileType = sourcecode.swift; path = CustomTextField.swift; sourceTree = "<group>"; };
		22DB73CF2DFDBAB40021EF75 /* PrimaryButton.swift */ = {isa = PBXFileReference; fileEncoding = 4; lastKnownFileType = sourcecode.swift; path = PrimaryButton.swift; sourceTree = "<group>"; };
		22FAE3A72E0D5485005E7270 /* empty.json */ = {isa = PBXFileReference; fileEncoding = 4; lastKnownFileType = text.json; path = empty.json; sourceTree = "<group>"; };
		22FAE3A92E0D585B005E7270 /* AuthRestrictionAlert.swift */ = {isa = PBXFileReference; lastKnownFileType = sourcecode.swift; path = AuthRestrictionAlert.swift; sourceTree = "<group>"; };
		22FAE3AB2E0D5A7A005E7270 /* GuestModeProfileView.swift */ = {isa = PBXFileReference; lastKnownFileType = sourcecode.swift; path = GuestModeProfileView.swift; sourceTree = "<group>"; };
		22FAE3AE2E0D5ADB005E7270 /* profile-lottie.json */ = {isa = PBXFileReference; fileEncoding = 4; lastKnownFileType = text.json; path = "profile-lottie.json"; sourceTree = "<group>"; };
		22FE271E2DF45BFC00442B9D /* SplashScreen.swift */ = {isa = PBXFileReference; lastKnownFileType = sourcecode.swift; path = SplashScreen.swift; sourceTree = "<group>"; };
		22FE27202DF45C3A00442B9D /* OnboardingScreen.swift */ = {isa = PBXFileReference; lastKnownFileType = sourcecode.swift; path = OnboardingScreen.swift; sourceTree = "<group>"; };
		22FE27222DF45C6300442B9D /* OnboardingPageView.swift */ = {isa = PBXFileReference; lastKnownFileType = sourcecode.swift; path = OnboardingPageView.swift; sourceTree = "<group>"; };
		22FE27252DF45CAC00442B9D /* Color.swift */ = {isa = PBXFileReference; lastKnownFileType = sourcecode.swift; path = Color.swift; sourceTree = "<group>"; };
		22FE27272DF45CD100442B9D /* Font.swift */ = {isa = PBXFileReference; lastKnownFileType = sourcecode.swift; path = Font.swift; sourceTree = "<group>"; };
		22FE27292DF45CE600442B9D /* AppTheme.swift */ = {isa = PBXFileReference; lastKnownFileType = sourcecode.swift; path = AppTheme.swift; sourceTree = "<group>"; };
		22FE272D2DF4693700442B9D /* AllProductTest.swift */ = {isa = PBXFileReference; lastKnownFileType = sourcecode.swift; path = AllProductTest.swift; sourceTree = "<group>"; };
		752F02232E0CB80400D6136E /* MockProductRepository.swift */ = {isa = PBXFileReference; lastKnownFileType = sourcecode.swift; path = MockProductRepository.swift; sourceTree = "<group>"; };
		752F02252E0CB82200D6136E /* HomeViewModelTests.swift */ = {isa = PBXFileReference; lastKnownFileType = sourcecode.swift; path = HomeViewModelTests.swift; sourceTree = "<group>"; };
		752F02272E0CB84100D6136E /* CategoryViewModelTests.swift */ = {isa = PBXFileReference; lastKnownFileType = sourcecode.swift; path = CategoryViewModelTests.swift; sourceTree = "<group>"; };
		75651EF32E0AE26800EF06F1 /* OrderConfirmationView.swift */ = {isa = PBXFileReference; lastKnownFileType = sourcecode.swift; path = OrderConfirmationView.swift; sourceTree = "<group>"; };
		75651EF62E0B0CAE00EF06F1 /* OrderViewModel.swift */ = {isa = PBXFileReference; lastKnownFileType = sourcecode.swift; path = OrderViewModel.swift; sourceTree = "<group>"; };
		75651EFB2E0B0E0D00EF06F1 /* OrdersListView.swift */ = {isa = PBXFileReference; lastKnownFileType = sourcecode.swift; path = OrdersListView.swift; sourceTree = "<group>"; };
		75651EFD2E0B0E6A00EF06F1 /* OrderDetailsView.swift */ = {isa = PBXFileReference; lastKnownFileType = sourcecode.swift; path = OrderDetailsView.swift; sourceTree = "<group>"; };
		75651EFF2E0B490A00EF06F1 /* Order.swift */ = {isa = PBXFileReference; lastKnownFileType = sourcecode.swift; path = Order.swift; sourceTree = "<group>"; };
		75651F012E0B540000EF06F1 /* GetOrdersForCustomerUseCase.swift */ = {isa = PBXFileReference; lastKnownFileType = sourcecode.swift; path = GetOrdersForCustomerUseCase.swift; sourceTree = "<group>"; };
		75651F032E0B657700EF06F1 /* OrdersRepository.swift */ = {isa = PBXFileReference; lastKnownFileType = sourcecode.swift; path = OrdersRepository.swift; sourceTree = "<group>"; };
		75651F052E0B65A800EF06F1 /* OrdersRepositoryImpl.swift */ = {isa = PBXFileReference; lastKnownFileType = sourcecode.swift; path = OrdersRepositoryImpl.swift; sourceTree = "<group>"; };
		75656B9D2E0C933900AA13F8 /* LottieView.swift */ = {isa = PBXFileReference; lastKnownFileType = sourcecode.swift; path = LottieView.swift; sourceTree = "<group>"; };
		7580B53D2DFF54B4001FD4BB /* CategoryViewModel.swift */ = {isa = PBXFileReference; lastKnownFileType = sourcecode.swift; path = CategoryViewModel.swift; sourceTree = "<group>"; };
		7580B53F2DFF5525001FD4BB /* ProductCardView.swift */ = {isa = PBXFileReference; lastKnownFileType = sourcecode.swift; path = ProductCardView.swift; sourceTree = "<group>"; };
		7580B5412DFF55A3001FD4BB /* BestSellersView.swift */ = {isa = PBXFileReference; lastKnownFileType = sourcecode.swift; path = BestSellersView.swift; sourceTree = "<group>"; };
		75B306D92DF7A7F900AB1965 /* BrandProductsViewModel.swift */ = {isa = PBXFileReference; lastKnownFileType = sourcecode.swift; path = BrandProductsViewModel.swift; sourceTree = "<group>"; };
		75B306DB2DF7A81C00AB1965 /* HomeViewModel.swift */ = {isa = PBXFileReference; lastKnownFileType = sourcecode.swift; path = HomeViewModel.swift; sourceTree = "<group>"; };
		75B306DE2DF7A86A00AB1965 /* HomeView.swift */ = {isa = PBXFileReference; lastKnownFileType = sourcecode.swift; path = HomeView.swift; sourceTree = "<group>"; };
		75B306E02DF7A87B00AB1965 /* CustomeTabBarView.swift */ = {isa = PBXFileReference; lastKnownFileType = sourcecode.swift; path = CustomeTabBarView.swift; sourceTree = "<group>"; };
		75B306E22DF7A89600AB1965 /* ProductItemView.swift */ = {isa = PBXFileReference; lastKnownFileType = sourcecode.swift; path = ProductItemView.swift; sourceTree = "<group>"; };
		75B306E62DF7A8BB00AB1965 /* ImageCarouselView.swift */ = {isa = PBXFileReference; lastKnownFileType = sourcecode.swift; path = ImageCarouselView.swift; sourceTree = "<group>"; };
		75B306E92DF7A8DD00AB1965 /* BrandProductsView.swift */ = {isa = PBXFileReference; lastKnownFileType = sourcecode.swift; path = BrandProductsView.swift; sourceTree = "<group>"; };
		75B306EB2DF7A98700AB1965 /* Support.swift */ = {isa = PBXFileReference; lastKnownFileType = sourcecode.swift; path = Support.swift; sourceTree = "<group>"; };
		75B306ED2DF7A9C500AB1965 /* bestSellerProduct.swift */ = {isa = PBXFileReference; lastKnownFileType = sourcecode.swift; path = bestSellerProduct.swift; sourceTree = "<group>"; };
		75B306EF2DF7A9E900AB1965 /* Brand.swift */ = {isa = PBXFileReference; lastKnownFileType = sourcecode.swift; path = Brand.swift; sourceTree = "<group>"; };
		75B306F12DF7AA2F00AB1965 /* GetAllBrandsUseCase.swift */ = {isa = PBXFileReference; lastKnownFileType = sourcecode.swift; path = GetAllBrandsUseCase.swift; sourceTree = "<group>"; };
		75B306F32DF7AA4000AB1965 /* GetBestSellersUseCase.swift */ = {isa = PBXFileReference; lastKnownFileType = sourcecode.swift; path = GetBestSellersUseCase.swift; sourceTree = "<group>"; };
		75B306F92DF7AAB000AB1965 /* CategoryView.swift */ = {isa = PBXFileReference; lastKnownFileType = sourcecode.swift; path = CategoryView.swift; sourceTree = "<group>"; };
		75B306FB2DF7AAC700AB1965 /* FavoriteView.swift */ = {isa = PBXFileReference; lastKnownFileType = sourcecode.swift; path = FavoriteView.swift; sourceTree = "<group>"; };
		75B306FD2DF7AAE100AB1965 /* CartView.swift */ = {isa = PBXFileReference; lastKnownFileType = sourcecode.swift; path = CartView.swift; sourceTree = "<group>"; };
		75B306FF2DF7AAF700AB1965 /* MeView.swift */ = {isa = PBXFileReference; lastKnownFileType = sourcecode.swift; path = MeView.swift; sourceTree = "<group>"; };
/* End PBXFileReference section */

/* Begin PBXFrameworksBuildPhase section */
		227383932DF07FCC007C4B1C /* Frameworks */ = {
			isa = PBXFrameworksBuildPhase;
			buildActionMask = 2147483647;
			files = (
				227383D32DF0CF2B007C4B1C /* Alamofire in Frameworks */,
				226D3B532DFDCD5E00F3BA58 /* FirebaseAuth in Frameworks */,
				75656BA12E0C93A500AA13F8 /* Lottie in Frameworks */,
				226D3B512DFDCD5E00F3BA58 /* FirebaseAnalyticsWithoutAdIdSupport in Frameworks */,
				227383E02DF0D7E5007C4B1C /* Reachability in Frameworks */,
				75656BA32E0C93A500AA13F8 /* Lottie-Dynamic in Frameworks */,
				226D3B4F2DFDCD5E00F3BA58 /* FirebaseAnalytics in Frameworks */,
				227383D52DF0CF2B007C4B1C /* AlamofireDynamic in Frameworks */,
				226D3B552DFDCD5E00F3BA58 /* FirebaseFirestore in Frameworks */,
				226D3B572DFDCD5E00F3BA58 /* FirebaseFirestoreSwift in Frameworks */,
			);
			runOnlyForDeploymentPostprocessing = 0;
		};
		227383A82DF07FCF007C4B1C /* Frameworks */ = {
			isa = PBXFrameworksBuildPhase;
			buildActionMask = 2147483647;
			files = (
			);
			runOnlyForDeploymentPostprocessing = 0;
		};
		227383B22DF07FCF007C4B1C /* Frameworks */ = {
			isa = PBXFrameworksBuildPhase;
			buildActionMask = 2147483647;
			files = (
			);
			runOnlyForDeploymentPostprocessing = 0;
		};
/* End PBXFrameworksBuildPhase section */

/* Begin PBXGroup section */
		221746F62DF996320075F63C /* ProductDetails */ = {
			isa = PBXGroup;
			children = (
				221746F82DF9965A0075F63C /* ViewModel */,
				221746F72DF9964D0075F63C /* View */,
			);
			path = ProductDetails;
			sourceTree = "<group>";
		};
		221746F72DF9964D0075F63C /* View */ = {
			isa = PBXGroup;
			children = (
				227383F82DF0FB47007C4B1C /* ProductDetailsView.swift */,
			);
			path = View;
			sourceTree = "<group>";
		};
		221746F82DF9965A0075F63C /* ViewModel */ = {
			isa = PBXGroup;
			children = (
				227383F62DF0E216007C4B1C /* ProductViewModel.swift */,
			);
			path = ViewModel;
			sourceTree = "<group>";
		};
		221746F92DF9C82F0075F63C /* SharedMethods */ = {
			isa = PBXGroup;
			children = (
				221746FA2DF9C84C0075F63C /* Methods.swift */,
			);
			path = SharedMethods;
			sourceTree = "<group>";
		};
		221747022DFA16D40075F63C /* ViewModel */ = {
			isa = PBXGroup;
			children = (
				221747002DFA15470075F63C /* CartViewModel.swift */,
			);
			path = ViewModel;
			sourceTree = "<group>";
		};
		221D335F2DF89AFA00DEBE06 /* PriceRules&Coupons */ = {
			isa = PBXGroup;
			children = (
				221D33602DF89B2600DEBE06 /* Coupons.swift */,
				221D33612DF89B2600DEBE06 /* CouponsView.swift */,
				221D33622DF89B2600DEBE06 /* PriceRuleCard.swift */,
			);
			path = "PriceRules&Coupons";
			sourceTree = "<group>";
		};
		221D33662DF89B3F00DEBE06 /* PriceRules&Coupons */ = {
			isa = PBXGroup;
			children = (
				221D33672DF89B8C00DEBE06 /* CouponViewModel.swift */,
			);
			path = "PriceRules&Coupons";
			sourceTree = "<group>";
		};
		226ABB922E05E29800A8BA8B /* Currency */ = {
			isa = PBXGroup;
			children = (
				226ABBA02E060CD700A8BA8B /* ViewModel */,
				226ABB932E05E2A900A8BA8B /* View */,
			);
			path = Currency;
			sourceTree = "<group>";
		};
		226ABB932E05E2A900A8BA8B /* View */ = {
			isa = PBXGroup;
			children = (
				226ABB942E05E2BE00A8BA8B /* CurrencyView.swift */,
			);
			path = View;
			sourceTree = "<group>";
		};
		226ABBA02E060CD700A8BA8B /* ViewModel */ = {
			isa = PBXGroup;
			children = (
				226ABB9E2E05F48500A8BA8B /* CurrencyViewModel.swift */,
			);
			path = ViewModel;
			sourceTree = "<group>";
		};
		2273838D2DF07FCC007C4B1C = {
			isa = PBXGroup;
			children = (
				227383982DF07FCC007C4B1C /* Shoplet */,
				227383AE2DF07FCF007C4B1C /* ShopletTests */,
				227383B82DF07FCF007C4B1C /* ShopletUITests */,
				227383972DF07FCC007C4B1C /* Products */,
				227383D12DF0CF2B007C4B1C /* Frameworks */,
			);
			sourceTree = "<group>";
		};
		227383972DF07FCC007C4B1C /* Products */ = {
			isa = PBXGroup;
			children = (
				227383962DF07FCC007C4B1C /* Shoplet.app */,
				227383AB2DF07FCF007C4B1C /* ShopletTests.xctest */,
				227383B52DF07FCF007C4B1C /* ShopletUITests.xctest */,
			);
			name = Products;
			sourceTree = "<group>";
		};
		227383982DF07FCC007C4B1C /* Shoplet */ = {
			isa = PBXGroup;
			children = (
				22DB73B22DFDB8EB0021EF75 /* GoogleService-Info.plist */,
				22FE271B2DF45B5200442B9D /* Presentation */,
				227383F02DF0DFEF007C4B1C /* Core */,
				227383EB2DF0DCA9007C4B1C /* Data */,
				227383E32DF0DBF0007C4B1C /* Domain */,
				227383C92DF0889C007C4B1C /* Utils */,
				227383992DF07FCC007C4B1C /* ShopletApp.swift */,
				2273839B2DF07FCC007C4B1C /* ContentView.swift */,
				2273839D2DF07FCF007C4B1C /* Assets.xcassets */,
				227383A42DF07FCF007C4B1C /* Shoplet.xcdatamodeld */,
				2273839F2DF07FCF007C4B1C /* Preview Content */,
			);
			path = Shoplet;
			sourceTree = "<group>";
		};
		2273839F2DF07FCF007C4B1C /* Preview Content */ = {
			isa = PBXGroup;
			children = (
				227383A02DF07FCF007C4B1C /* Preview Assets.xcassets */,
			);
			path = "Preview Content";
			sourceTree = "<group>";
		};
		227383AE2DF07FCF007C4B1C /* ShopletTests */ = {
			isa = PBXGroup;
			children = (
				227383AF2DF07FCF007C4B1C /* ShopletTests.swift */,
				752F02232E0CB80400D6136E /* MockProductRepository.swift */,
				752F02252E0CB82200D6136E /* HomeViewModelTests.swift */,
				752F02272E0CB84100D6136E /* CategoryViewModelTests.swift */,
			);
			path = ShopletTests;
			sourceTree = "<group>";
		};
		227383B82DF07FCF007C4B1C /* ShopletUITests */ = {
			isa = PBXGroup;
			children = (
				227383B92DF07FCF007C4B1C /* ShopletUITests.swift */,
				227383BB2DF07FCF007C4B1C /* ShopletUITestsLaunchTests.swift */,
			);
			path = ShopletUITests;
			sourceTree = "<group>";
		};
		227383C92DF0889C007C4B1C /* Utils */ = {
			isa = PBXGroup;
			children = (
				22FAE3AD2E0D5AC8005E7270 /* Lottie */,
				22DB73CD2DFDBA990021EF75 /* Components */,
				221746F92DF9C82F0075F63C /* SharedMethods */,
				22FE27242DF45C9000442B9D /* Color+Theme */,
				227383E12DF0D7F8007C4B1C /* AppCommon.swift */,
				221746FC2DF9E2D80075F63C /* UserDefaultManager.swift */,
				22C8C0C62E02B44F001711BA /* FirestoreManager.swift */,
			);
			path = Utils;
			sourceTree = "<group>";
		};
		227383D12DF0CF2B007C4B1C /* Frameworks */ = {
			isa = PBXGroup;
			children = (
			);
			name = Frameworks;
			sourceTree = "<group>";
		};
		227383E32DF0DBF0007C4B1C /* Domain */ = {
			isa = PBXGroup;
			children = (
				227383E82DF0DC53007C4B1C /* UseCases */,
				227383E52DF0DC21007C4B1C /* Repository */,
				227383E42DF0DBFD007C4B1C /* Entities */,
			);
			path = Domain;
			sourceTree = "<group>";
		};
		227383E42DF0DBFD007C4B1C /* Entities */ = {
			isa = PBXGroup;
			children = (
			);
			path = Entities;
			sourceTree = "<group>";
		};
		227383E52DF0DC21007C4B1C /* Repository */ = {
			isa = PBXGroup;
			children = (
				2296CA642E04B7AA0028F295 /* AddressesRepository.swift */,
				2296CA652E04B7AA0028F295 /* AddressesRepositoryImpl.swift */,
				22DB73C32DFDB9FE0021EF75 /* CustomerRepository.swift */,
				22DB73C42DFDB9FF0021EF75 /* CustomerRepositoryImpl.swift */,
				227383E62DF0DC42007C4B1C /* ProductRepository.swift */,
				227383F42DF0E0B3007C4B1C /* ProductRepositoryImpl.swift */,
				226ABB982E05F01E00A8BA8B /* CurrencyRepository.swift */,
				226ABB9A2E05F08D00A8BA8B /* CurrencyRepositoryImpl.swift */,
				75651F032E0B657700EF06F1 /* OrdersRepository.swift */,
				75651F052E0B65A800EF06F1 /* OrdersRepositoryImpl.swift */,
			);
			path = Repository;
			sourceTree = "<group>";
		};
		227383E82DF0DC53007C4B1C /* UseCases */ = {
			isa = PBXGroup;
			children = (
				2296CA6C2E04B8580028F295 /* CitiesUseCase.swift */,
				2296CA6D2E04B8580028F295 /* CreateAddressUseCase.swift */,
				2296CA692E04B8580028F295 /* DeleteAddressUseCase.swift */,
				2296CA682E04B8580028F295 /* GetUserAddressesUseCase.swift */,
				2296CA6A2E04B8580028F295 /* MarkDefaultAddressUseCase.swift */,
				2296CA6B2E04B8580028F295 /* UpdateCustomerUseCase.swift */,
				22DB73C72DFDBA280021EF75 /* CustomerUseCase.swift */,
				22DB73C82DFDBA290021EF75 /* GetAllCustomerUseCase.swift */,
				22DB73C92DFDBA290021EF75 /* GetCustomerByIdUseCase.swift */,
				221D335C2DF89A7500DEBE06 /* CouponsUseCase.swift */,
				221D335B2DF89A7500DEBE06 /* PriceRulesUseCase.swift */,
				227383E92DF0DC82007C4B1C /* GetProductByIdUseCase.swift */,
				227383F22DF0E05C007C4B1C /* GetAllProductsUseCase.swift */,
				75B306F12DF7AA2F00AB1965 /* GetAllBrandsUseCase.swift */,
				75B306F32DF7AA4000AB1965 /* GetBestSellersUseCase.swift */,
				221746F42DF98ECD0075F63C /* DraftOrderUseCase.swift */,
				226ABB9C2E05F0E300A8BA8B /* CurrencyUseCase.swift */,
				75651F012E0B540000EF06F1 /* GetOrdersForCustomerUseCase.swift */,
			);
			path = UseCases;
			sourceTree = "<group>";
		};
		227383EB2DF0DCA9007C4B1C /* Data */ = {
			isa = PBXGroup;
			children = (
				227383EF2DF0DFDF007C4B1C /* Models */,
			);
			path = Data;
			sourceTree = "<group>";
		};
		227383EF2DF0DFDF007C4B1C /* Models */ = {
			isa = PBXGroup;
			children = (
				2296CA612E04B2CB0028F295 /* Address.swift */,
				2296CA602E04B2CB0028F295 /* Cities.swift */,
				22DB73AE2DFDB6600021EF75 /* AuthScreen.swift */,
				22DB73AF2DFDB6610021EF75 /* CustomerModel.swift */,
				221D33572DF89A3D00DEBE06 /* Coupon.swift */,
				221D33582DF89A3D00DEBE06 /* PriceRule.swift */,
				227383DC2DF0D74D007C4B1C /* ProductModel.swift */,
				75B306ED2DF7A9C500AB1965 /* bestSellerProduct.swift */,
				75B306EF2DF7A9E900AB1965 /* Brand.swift */,
				221746F22DF962ED0075F63C /* DraftOrder.swift */,
				221747032DFA4B050075F63C /* Empty.swift */,
				226ABB962E05ED3D00A8BA8B /* CurrencyExChange.swift */,
				75651EFF2E0B490A00EF06F1 /* Order.swift */,
			);
			path = Models;
			sourceTree = "<group>";
		};
		227383F02DF0DFEF007C4B1C /* Core */ = {
			isa = PBXGroup;
			children = (
				22C8C0C32E021D05001711BA /* CoreData */,
				227383F12DF0E00D007C4B1C /* Network */,
			);
			path = Core;
			sourceTree = "<group>";
		};
		227383F12DF0E00D007C4B1C /* Network */ = {
			isa = PBXGroup;
			children = (
				227383CE2DF09057007C4B1C /* APIRouter.swift */,
				227383CC2DF08C54007C4B1C /* NetworkError.swift */,
				227383D82DF0D448007C4B1C /* APIClient.swift */,
				75B306EB2DF7A98700AB1965 /* Support.swift */,
			);
			path = Network;
			sourceTree = "<group>";
		};
		2296CA742E04BA560028F295 /* ViewModel */ = {
			isa = PBXGroup;
			children = (
				2296CA752E04BA860028F295 /* ProfileViewModel.swift */,
			);
			path = ViewModel;
			sourceTree = "<group>";
		};
		2296CA772E04BB110028F295 /* Adresses */ = {
			isa = PBXGroup;
			children = (
				2296CA792E04BB230028F295 /* ViewModel */,
				2296CA782E04BB1A0028F295 /* View */,
			);
			path = Adresses;
			sourceTree = "<group>";
		};
		2296CA782E04BB1A0028F295 /* View */ = {
			isa = PBXGroup;
			children = (
				2296CA7E2E04BBA40028F295 /* AddAddress.swift */,
				2296CA812E04BBA40028F295 /* AddressesView.swift */,
				2296CA7F2E04BBA40028F295 /* CitiesListView.swift */,
				2296CA802E04BBA40028F295 /* Map.swift */,
			);
			path = View;
			sourceTree = "<group>";
		};
		2296CA792E04BB230028F295 /* ViewModel */ = {
			isa = PBXGroup;
			children = (
				2296CA7B2E04BB4A0028F295 /* AddressViewModel.swift */,
				2296CA7A2E04BB4A0028F295 /* LocationViewModel.swift */,
			);
			path = ViewModel;
			sourceTree = "<group>";
		};
		22A674782E0D6CC100C8005A /* Model */ = {
			isa = PBXGroup;
			children = (
				226631D32E07D95F00FF8554 /* ApplePay.swift */,
			);
			path = Model;
			sourceTree = "<group>";
		};
		22C8C0BE2E020961001711BA /* ViewModel */ = {
			isa = PBXGroup;
			children = (
				22C8C0BF2E02098A001711BA /* FavoriteViewModel.swift */,
			);
			path = ViewModel;
			sourceTree = "<group>";
		};
		22C8C0C32E021D05001711BA /* CoreData */ = {
			isa = PBXGroup;
			children = (
				22C8C0C42E021D1F001711BA /* CoreDataManager.swift */,
			);
			path = CoreData;
			sourceTree = "<group>";
		};
		22DB73B42DFDB9240021EF75 /* Authentication */ = {
			isa = PBXGroup;
			children = (
				22DB73B62DFDB9300021EF75 /* ViewModel */,
				22DB73B52DFDB92A0021EF75 /* View */,
			);
			path = Authentication;
			sourceTree = "<group>";
		};
		22DB73B52DFDB92A0021EF75 /* View */ = {
			isa = PBXGroup;
			children = (
				22DB73BB2DFDB9690021EF75 /* AuthView.swift */,
				22DB73B92DFDB9690021EF75 /* CreateAccountView.swift */,
				22DB73B82DFDB9680021EF75 /* RegisterSuccessView.swift */,
				22DB73BA2DFDB9690021EF75 /* SignInView.swift */,
				22DB73B72DFDB9680021EF75 /* VerificationView.swift */,
			);
			path = View;
			sourceTree = "<group>";
		};
		22DB73B62DFDB9300021EF75 /* ViewModel */ = {
			isa = PBXGroup;
			children = (
				22DB73C12DFDB9A00021EF75 /* CustomerViewModel.swift */,
			);
			path = ViewModel;
			sourceTree = "<group>";
		};
		22DB73CD2DFDBA990021EF75 /* Components */ = {
			isa = PBXGroup;
			children = (
				75656B9D2E0C933900AA13F8 /* LottieView.swift */,
				22DB73CE2DFDBAB40021EF75 /* CustomTextField.swift */,
				22DB73CF2DFDBAB40021EF75 /* PrimaryButton.swift */,
				22FAE3A92E0D585B005E7270 /* AuthRestrictionAlert.swift */,
			);
			path = Components;
			sourceTree = "<group>";
		};
		22FAE3AD2E0D5AC8005E7270 /* Lottie */ = {
			isa = PBXGroup;
			children = (
				22FAE3A72E0D5485005E7270 /* empty.json */,
				22FAE3AE2E0D5ADB005E7270 /* profile-lottie.json */,
			);
			path = Lottie;
			sourceTree = "<group>";
		};
		22FE271B2DF45B5200442B9D /* Presentation */ = {
			isa = PBXGroup;
			children = (
				75B306C62DF7A33400AB1965 /* Features */,
				22FE271D2DF45BCC00442B9D /* SplashScreen */,
				22FE271C2DF45B6500442B9D /* Onboarding */,
				22FE272D2DF4693700442B9D /* AllProductTest.swift */,
			);
			path = Presentation;
			sourceTree = "<group>";
		};
		22FE271C2DF45B6500442B9D /* Onboarding */ = {
			isa = PBXGroup;
			children = (
				22FE27202DF45C3A00442B9D /* OnboardingScreen.swift */,
				22FE27222DF45C6300442B9D /* OnboardingPageView.swift */,
			);
			path = Onboarding;
			sourceTree = "<group>";
		};
		22FE271D2DF45BCC00442B9D /* SplashScreen */ = {
			isa = PBXGroup;
			children = (
				22FE271E2DF45BFC00442B9D /* SplashScreen.swift */,
			);
			path = SplashScreen;
			sourceTree = "<group>";
		};
		22FE27242DF45C9000442B9D /* Color+Theme */ = {
			isa = PBXGroup;
			children = (
				22FE27252DF45CAC00442B9D /* Color.swift */,
				22FE27272DF45CD100442B9D /* Font.swift */,
				22FE27292DF45CE600442B9D /* AppTheme.swift */,
			);
			path = "Color+Theme";
			sourceTree = "<group>";
		};
		75651EF22E0AE25400EF06F1 /* order */ = {
			isa = PBXGroup;
			children = (
				75651EF82E0B0CB900EF06F1 /* View */,
				75651EF52E0B0C8400EF06F1 /* viewModel */,
			);
			path = order;
			sourceTree = "<group>";
		};
		75651EF52E0B0C8400EF06F1 /* viewModel */ = {
			isa = PBXGroup;
			children = (
				75651EF62E0B0CAE00EF06F1 /* OrderViewModel.swift */,
			);
			path = viewModel;
			sourceTree = "<group>";
		};
		75651EF82E0B0CB900EF06F1 /* View */ = {
			isa = PBXGroup;
			children = (
				75651EF32E0AE26800EF06F1 /* OrderConfirmationView.swift */,
				75651EFB2E0B0E0D00EF06F1 /* OrdersListView.swift */,
				75651EFD2E0B0E6A00EF06F1 /* OrderDetailsView.swift */,
			);
			path = View;
			sourceTree = "<group>";
		};
		7580B53C2DFF545E001FD4BB /* ViewModel */ = {
			isa = PBXGroup;
			children = (
				7580B53D2DFF54B4001FD4BB /* CategoryViewModel.swift */,
			);
			path = ViewModel;
			sourceTree = "<group>";
		};
		75B306C62DF7A33400AB1965 /* Features */ = {
			isa = PBXGroup;
			children = (
				75651EF22E0AE25400EF06F1 /* order */,
				221746F62DF996320075F63C /* ProductDetails */,
				226ABB922E05E29800A8BA8B /* Currency */,
				2296CA772E04BB110028F295 /* Adresses */,
				22DB73B42DFDB9240021EF75 /* Authentication */,
				75B306D12DF7A72600AB1965 /* Favorites */,
				75B306D02DF7A72000AB1965 /* Me */,
				75B306CF2DF7A71200AB1965 /* Categories */,
				75B306C82DF7A34600AB1965 /* Cart */,
				75B306C72DF7A33D00AB1965 /* Home */,
			);
			path = Features;
			sourceTree = "<group>";
		};
		75B306C72DF7A33D00AB1965 /* Home */ = {
			isa = PBXGroup;
			children = (
				75B306CA2DF7A35800AB1965 /* ViewModel */,
				75B306C92DF7A35000AB1965 /* View */,
			);
			path = Home;
			sourceTree = "<group>";
		};
		75B306C82DF7A34600AB1965 /* Cart */ = {
			isa = PBXGroup;
			children = (
				22A674782E0D6CC100C8005A /* Model */,
				221747022DFA16D40075F63C /* ViewModel */,
				75B306D52DF7A76F00AB1965 /* View */,
			);
			path = Cart;
			sourceTree = "<group>";
		};
		75B306C92DF7A35000AB1965 /* View */ = {
			isa = PBXGroup;
			children = (
				221D335F2DF89AFA00DEBE06 /* PriceRules&Coupons */,
				75B306E82DF7A8CF00AB1965 /* BrandView */,
				75B306E52DF7A8AF00AB1965 /* ImageCarouselView */,
				75B306DD2DF7A84C00AB1965 /* HomeView */,
			);
			path = View;
			sourceTree = "<group>";
		};
		75B306CA2DF7A35800AB1965 /* ViewModel */ = {
			isa = PBXGroup;
			children = (
				221D33662DF89B3F00DEBE06 /* PriceRules&Coupons */,
				75B306D82DF7A7E500AB1965 /* BrandProductsViewModel */,
				75B306D72DF7A7B900AB1965 /* HomeViewModel */,
			);
			path = ViewModel;
			sourceTree = "<group>";
		};
		75B306CF2DF7A71200AB1965 /* Categories */ = {
			isa = PBXGroup;
			children = (
				7580B53C2DFF545E001FD4BB /* ViewModel */,
				75B306D42DF7A76700AB1965 /* View */,
			);
			path = Categories;
			sourceTree = "<group>";
		};
		75B306D02DF7A72000AB1965 /* Me */ = {
			isa = PBXGroup;
			children = (
				2296CA742E04BA560028F295 /* ViewModel */,
				75B306D32DF7A75F00AB1965 /* View */,
			);
			path = Me;
			sourceTree = "<group>";
		};
		75B306D12DF7A72600AB1965 /* Favorites */ = {
			isa = PBXGroup;
			children = (
				22C8C0BE2E020961001711BA /* ViewModel */,
				75B306D22DF7A75700AB1965 /* View */,
			);
			path = Favorites;
			sourceTree = "<group>";
		};
		75B306D22DF7A75700AB1965 /* View */ = {
			isa = PBXGroup;
			children = (
				75B306FB2DF7AAC700AB1965 /* FavoriteView.swift */,
				22C8C0C12E0209C1001711BA /* FavoriteItem.swift */,
			);
			path = View;
			sourceTree = "<group>";
		};
		75B306D32DF7A75F00AB1965 /* View */ = {
			isa = PBXGroup;
			children = (
				75B306FF2DF7AAF700AB1965 /* MeView.swift */,
				22FAE3AB2E0D5A7A005E7270 /* GuestModeProfileView.swift */,
			);
			path = View;
			sourceTree = "<group>";
		};
		75B306D42DF7A76700AB1965 /* View */ = {
			isa = PBXGroup;
			children = (
				75B306F92DF7AAB000AB1965 /* CategoryView.swift */,
				7580B53F2DFF5525001FD4BB /* ProductCardView.swift */,
			);
			path = View;
			sourceTree = "<group>";
		};
		75B306D52DF7A76F00AB1965 /* View */ = {
			isa = PBXGroup;
			children = (
				75B306FD2DF7AAE100AB1965 /* CartView.swift */,
				221746FE2DFA0F250075F63C /* CartItem.swift */,
				221437602DFD5BF200DF3B93 /* CheckoutPage.swift */,
				226ABB8D2E056C3B00A8BA8B /* CartShippingAddress.swift */,
				22D70DA62E088B6700B6DD92 /* ApplePayButton.swift */,
			);
			path = View;
			sourceTree = "<group>";
		};
		75B306D72DF7A7B900AB1965 /* HomeViewModel */ = {
			isa = PBXGroup;
			children = (
				75B306DB2DF7A81C00AB1965 /* HomeViewModel.swift */,
			);
			path = HomeViewModel;
			sourceTree = "<group>";
		};
		75B306D82DF7A7E500AB1965 /* BrandProductsViewModel */ = {
			isa = PBXGroup;
			children = (
				75B306D92DF7A7F900AB1965 /* BrandProductsViewModel.swift */,
			);
			path = BrandProductsViewModel;
			sourceTree = "<group>";
		};
		75B306DD2DF7A84C00AB1965 /* HomeView */ = {
			isa = PBXGroup;
			children = (
				75B306DE2DF7A86A00AB1965 /* HomeView.swift */,
				75B306E02DF7A87B00AB1965 /* CustomeTabBarView.swift */,
				75B306E22DF7A89600AB1965 /* ProductItemView.swift */,
				7580B5412DFF55A3001FD4BB /* BestSellersView.swift */,
			);
			path = HomeView;
			sourceTree = "<group>";
		};
		75B306E52DF7A8AF00AB1965 /* ImageCarouselView */ = {
			isa = PBXGroup;
			children = (
				75B306E62DF7A8BB00AB1965 /* ImageCarouselView.swift */,
			);
			path = ImageCarouselView;
			sourceTree = "<group>";
		};
		75B306E82DF7A8CF00AB1965 /* BrandView */ = {
			isa = PBXGroup;
			children = (
				75B306E92DF7A8DD00AB1965 /* BrandProductsView.swift */,
			);
			path = BrandView;
			sourceTree = "<group>";
		};
/* End PBXGroup section */

/* Begin PBXNativeTarget section */
		227383952DF07FCC007C4B1C /* Shoplet */ = {
			isa = PBXNativeTarget;
			buildConfigurationList = 227383BF2DF07FCF007C4B1C /* Build configuration list for PBXNativeTarget "Shoplet" */;
			buildPhases = (
				227383922DF07FCC007C4B1C /* Sources */,
				227383932DF07FCC007C4B1C /* Frameworks */,
				227383942DF07FCC007C4B1C /* Resources */,
				227383D72DF0CF2B007C4B1C /* Embed Frameworks */,
			);
			buildRules = (
			);
			dependencies = (
			);
			name = Shoplet;
			packageProductDependencies = (
				227383D22DF0CF2B007C4B1C /* Alamofire */,
				227383D42DF0CF2B007C4B1C /* AlamofireDynamic */,
				227383DF2DF0D7E5007C4B1C /* Reachability */,
				226D3B4E2DFDCD5E00F3BA58 /* FirebaseAnalytics */,
				226D3B502DFDCD5E00F3BA58 /* FirebaseAnalyticsWithoutAdIdSupport */,
				226D3B522DFDCD5E00F3BA58 /* FirebaseAuth */,
				226D3B542DFDCD5E00F3BA58 /* FirebaseFirestore */,
				226D3B562DFDCD5E00F3BA58 /* FirebaseFirestoreSwift */,
				75656BA02E0C93A500AA13F8 /* Lottie */,
				75656BA22E0C93A500AA13F8 /* Lottie-Dynamic */,
			);
			productName = Shoplet;
			productReference = 227383962DF07FCC007C4B1C /* Shoplet.app */;
			productType = "com.apple.product-type.application";
		};
		227383AA2DF07FCF007C4B1C /* ShopletTests */ = {
			isa = PBXNativeTarget;
			buildConfigurationList = 227383C22DF07FCF007C4B1C /* Build configuration list for PBXNativeTarget "ShopletTests" */;
			buildPhases = (
				227383A72DF07FCF007C4B1C /* Sources */,
				227383A82DF07FCF007C4B1C /* Frameworks */,
				227383A92DF07FCF007C4B1C /* Resources */,
			);
			buildRules = (
			);
			dependencies = (
				227383AD2DF07FCF007C4B1C /* PBXTargetDependency */,
			);
			name = ShopletTests;
			productName = ShopletTests;
			productReference = 227383AB2DF07FCF007C4B1C /* ShopletTests.xctest */;
			productType = "com.apple.product-type.bundle.unit-test";
		};
		227383B42DF07FCF007C4B1C /* ShopletUITests */ = {
			isa = PBXNativeTarget;
			buildConfigurationList = 227383C52DF07FCF007C4B1C /* Build configuration list for PBXNativeTarget "ShopletUITests" */;
			buildPhases = (
				227383B12DF07FCF007C4B1C /* Sources */,
				227383B22DF07FCF007C4B1C /* Frameworks */,
				227383B32DF07FCF007C4B1C /* Resources */,
			);
			buildRules = (
			);
			dependencies = (
				227383B72DF07FCF007C4B1C /* PBXTargetDependency */,
			);
			name = ShopletUITests;
			productName = ShopletUITests;
			productReference = 227383B52DF07FCF007C4B1C /* ShopletUITests.xctest */;
			productType = "com.apple.product-type.bundle.ui-testing";
		};
/* End PBXNativeTarget section */

/* Begin PBXProject section */
		2273838E2DF07FCC007C4B1C /* Project object */ = {
			isa = PBXProject;
			attributes = {
				BuildIndependentTargetsInParallel = 1;
				LastSwiftUpdateCheck = 1500;
				LastUpgradeCheck = 1500;
				TargetAttributes = {
					227383952DF07FCC007C4B1C = {
						CreatedOnToolsVersion = 15.0;
					};
					227383AA2DF07FCF007C4B1C = {
						CreatedOnToolsVersion = 15.0;
						TestTargetID = 227383952DF07FCC007C4B1C;
					};
					227383B42DF07FCF007C4B1C = {
						CreatedOnToolsVersion = 15.0;
						TestTargetID = 227383952DF07FCC007C4B1C;
					};
				};
			};
			buildConfigurationList = 227383912DF07FCC007C4B1C /* Build configuration list for PBXProject "Shoplet" */;
			compatibilityVersion = "Xcode 14.0";
			developmentRegion = en;
			hasScannedForEncodings = 0;
			knownRegions = (
				en,
				Base,
			);
			mainGroup = 2273838D2DF07FCC007C4B1C;
			packageReferences = (
				227383D02DF0CEDC007C4B1C /* XCRemoteSwiftPackageReference "Alamofire" */,
				227383DE2DF0D7E5007C4B1C /* XCRemoteSwiftPackageReference "Reachability" */,
				226D3B4D2DFDCC9400F3BA58 /* XCRemoteSwiftPackageReference "firebase-ios-sdk" */,
				75656B9F2E0C93A500AA13F8 /* XCRemoteSwiftPackageReference "lottie-ios" */,
			);
			productRefGroup = 227383972DF07FCC007C4B1C /* Products */;
			projectDirPath = "";
			projectRoot = "";
			targets = (
				227383952DF07FCC007C4B1C /* Shoplet */,
				227383AA2DF07FCF007C4B1C /* ShopletTests */,
				227383B42DF07FCF007C4B1C /* ShopletUITests */,
			);
		};
/* End PBXProject section */

/* Begin PBXResourcesBuildPhase section */
		227383942DF07FCC007C4B1C /* Resources */ = {
			isa = PBXResourcesBuildPhase;
			buildActionMask = 2147483647;
			files = (
				22FAE3AF2E0D5ADB005E7270 /* profile-lottie.json in Resources */,
				227383A12DF07FCF007C4B1C /* Preview Assets.xcassets in Resources */,
				22FAE3A82E0D5485005E7270 /* empty.json in Resources */,
				2273839E2DF07FCF007C4B1C /* Assets.xcassets in Resources */,
				22DB73B32DFDB8EB0021EF75 /* GoogleService-Info.plist in Resources */,
			);
			runOnlyForDeploymentPostprocessing = 0;
		};
		227383A92DF07FCF007C4B1C /* Resources */ = {
			isa = PBXResourcesBuildPhase;
			buildActionMask = 2147483647;
			files = (
			);
			runOnlyForDeploymentPostprocessing = 0;
		};
		227383B32DF07FCF007C4B1C /* Resources */ = {
			isa = PBXResourcesBuildPhase;
			buildActionMask = 2147483647;
			files = (
			);
			runOnlyForDeploymentPostprocessing = 0;
		};
/* End PBXResourcesBuildPhase section */

/* Begin PBXSourcesBuildPhase section */
		227383922DF07FCC007C4B1C /* Sources */ = {
			isa = PBXSourcesBuildPhase;
			buildActionMask = 2147483647;
			files = (
				22DB73BF2DFDB9690021EF75 /* SignInView.swift in Sources */,
				22FE272A2DF45CE600442B9D /* AppTheme.swift in Sources */,
				75B306E12DF7A87B00AB1965 /* CustomeTabBarView.swift in Sources */,
				75B306F42DF7AA4000AB1965 /* GetBestSellersUseCase.swift in Sources */,
				227383F52DF0E0B3007C4B1C /* ProductRepositoryImpl.swift in Sources */,
				22D70DA72E088B6700B6DD92 /* ApplePayButton.swift in Sources */,
				22FE272E2DF4693700442B9D /* AllProductTest.swift in Sources */,
				75B306DF2DF7A86A00AB1965 /* HomeView.swift in Sources */,
				75651F062E0B65A800EF06F1 /* OrdersRepositoryImpl.swift in Sources */,
				2296CA832E04BBA40028F295 /* CitiesListView.swift in Sources */,
				221747012DFA15470075F63C /* CartViewModel.swift in Sources */,
				221437612DFD5BF200DF3B93 /* CheckoutPage.swift in Sources */,
				22DB73B12DFDB6610021EF75 /* CustomerModel.swift in Sources */,
				221746FD2DF9E2D80075F63C /* UserDefaultManager.swift in Sources */,
				22FAE3AC2E0D5A7A005E7270 /* GuestModeProfileView.swift in Sources */,
				2296CA702E04B8580028F295 /* MarkDefaultAddressUseCase.swift in Sources */,
				22FAE3AA2E0D585B005E7270 /* AuthRestrictionAlert.swift in Sources */,
				22DB73C22DFDB9A00021EF75 /* CustomerViewModel.swift in Sources */,
				75B306F02DF7A9E900AB1965 /* Brand.swift in Sources */,
				221747042DFA4B050075F63C /* Empty.swift in Sources */,
				221746FF2DFA0F250075F63C /* CartItem.swift in Sources */,
				2296CA722E04B8580028F295 /* CitiesUseCase.swift in Sources */,
				75651EFE2E0B0E6A00EF06F1 /* OrderDetailsView.swift in Sources */,
				22DB73C62DFDB9FF0021EF75 /* CustomerRepositoryImpl.swift in Sources */,
				22C8C0C72E02B44F001711BA /* FirestoreManager.swift in Sources */,
				7580B5422DFF55A3001FD4BB /* BestSellersView.swift in Sources */,
				75B306DC2DF7A81C00AB1965 /* HomeViewModel.swift in Sources */,
				226ABB9D2E05F0E300A8BA8B /* CurrencyUseCase.swift in Sources */,
				221746F32DF962ED0075F63C /* DraftOrder.swift in Sources */,
				2296CA632E04B2CB0028F295 /* Address.swift in Sources */,
				221D33682DF89B8C00DEBE06 /* CouponViewModel.swift in Sources */,
				22DB73BD2DFDB9690021EF75 /* RegisterSuccessView.swift in Sources */,
				227383E72DF0DC42007C4B1C /* ProductRepository.swift in Sources */,
				75651EFC2E0B0E0D00EF06F1 /* OrdersListView.swift in Sources */,
				22FE27212DF45C3A00442B9D /* OnboardingScreen.swift in Sources */,
				226631D42E07D95F00FF8554 /* ApplePay.swift in Sources */,
				75B306DA2DF7A7F900AB1965 /* BrandProductsViewModel.swift in Sources */,
				2296CA762E04BA860028F295 /* ProfileViewModel.swift in Sources */,
				226ABB992E05F01E00A8BA8B /* CurrencyRepository.swift in Sources */,
				75B307002DF7AAF700AB1965 /* MeView.swift in Sources */,
				75B306EA2DF7A8DD00AB1965 /* BrandProductsView.swift in Sources */,
				226ABB9F2E05F48500A8BA8B /* CurrencyViewModel.swift in Sources */,
				22C8C0C52E021D1F001711BA /* CoreDataManager.swift in Sources */,
				227383E22DF0D7F8007C4B1C /* AppCommon.swift in Sources */,
				2296CA6E2E04B8580028F295 /* GetUserAddressesUseCase.swift in Sources */,
				2273839C2DF07FCC007C4B1C /* ContentView.swift in Sources */,
				2296CA7D2E04BB4A0028F295 /* AddressViewModel.swift in Sources */,
				75B306EE2DF7A9C500AB1965 /* bestSellerProduct.swift in Sources */,
				22DB73C02DFDB9690021EF75 /* AuthView.swift in Sources */,
				2296CA622E04B2CB0028F295 /* Cities.swift in Sources */,
				2296CA732E04B8580028F295 /* CreateAddressUseCase.swift in Sources */,
				22FE27232DF45C6300442B9D /* OnboardingPageView.swift in Sources */,
				75651F022E0B540000EF06F1 /* GetOrdersForCustomerUseCase.swift in Sources */,
				221D335D2DF89A7500DEBE06 /* PriceRulesUseCase.swift in Sources */,
				75B306EC2DF7A98700AB1965 /* Support.swift in Sources */,
				221D335E2DF89A7500DEBE06 /* CouponsUseCase.swift in Sources */,
				226ABB952E05E2BE00A8BA8B /* CurrencyView.swift in Sources */,
				2296CA7C2E04BB4A0028F295 /* LocationViewModel.swift in Sources */,
				75B306F22DF7AA2F00AB1965 /* GetAllBrandsUseCase.swift in Sources */,
				2296CA852E04BBA40028F295 /* AddressesView.swift in Sources */,
				7580B5402DFF5525001FD4BB /* ProductCardView.swift in Sources */,
				226ABB8E2E056C3B00A8BA8B /* CartShippingAddress.swift in Sources */,
				227383D92DF0D448007C4B1C /* APIClient.swift in Sources */,
				227383F32DF0E05C007C4B1C /* GetAllProductsUseCase.swift in Sources */,
				22C8C0C22E0209C1001711BA /* FavoriteItem.swift in Sources */,
				22DB73CC2DFDBA290021EF75 /* GetCustomerByIdUseCase.swift in Sources */,
				22DB73BE2DFDB9690021EF75 /* CreateAccountView.swift in Sources */,
				2273839A2DF07FCC007C4B1C /* ShopletApp.swift in Sources */,
				22FE271F2DF45BFC00442B9D /* SplashScreen.swift in Sources */,
				22FE27262DF45CAC00442B9D /* Color.swift in Sources */,
				221746FB2DF9C84C0075F63C /* Methods.swift in Sources */,
				2296CA672E04B7AA0028F295 /* AddressesRepositoryImpl.swift in Sources */,
				75B306E32DF7A89600AB1965 /* ProductItemView.swift in Sources */,
				22DB73C52DFDB9FF0021EF75 /* CustomerRepository.swift in Sources */,
				22DB73CA2DFDBA290021EF75 /* CustomerUseCase.swift in Sources */,
				75B306FA2DF7AAB000AB1965 /* CategoryView.swift in Sources */,
				75651F002E0B490A00EF06F1 /* Order.swift in Sources */,
				221D33642DF89B2600DEBE06 /* CouponsView.swift in Sources */,
				221D33652DF89B2600DEBE06 /* PriceRuleCard.swift in Sources */,
				22FE27282DF45CD100442B9D /* Font.swift in Sources */,
				226ABB972E05ED3D00A8BA8B /* CurrencyExChange.swift in Sources */,
				227383EA2DF0DC82007C4B1C /* GetProductByIdUseCase.swift in Sources */,
				227383CD2DF08C54007C4B1C /* NetworkError.swift in Sources */,
				75651F042E0B657700EF06F1 /* OrdersRepository.swift in Sources */,
				22DB73B02DFDB6610021EF75 /* AuthScreen.swift in Sources */,
				22C8C0C02E02098A001711BA /* FavoriteViewModel.swift in Sources */,
				7580B53E2DFF54B4001FD4BB /* CategoryViewModel.swift in Sources */,
				2296CA822E04BBA40028F295 /* AddAddress.swift in Sources */,
				227383DD2DF0D74D007C4B1C /* ProductModel.swift in Sources */,
				227383CF2DF09057007C4B1C /* APIRouter.swift in Sources */,
				75651EF72E0B0CAE00EF06F1 /* OrderViewModel.swift in Sources */,
				75651EF42E0AE26800EF06F1 /* OrderConfirmationView.swift in Sources */,
				226ABB9B2E05F08D00A8BA8B /* CurrencyRepositoryImpl.swift in Sources */,
				227383A62DF07FCF007C4B1C /* Shoplet.xcdatamodeld in Sources */,
				2296CA662E04B7AA0028F295 /* AddressesRepository.swift in Sources */,
				22DB73D02DFDBAB40021EF75 /* CustomTextField.swift in Sources */,
				75B306FC2DF7AAC700AB1965 /* FavoriteView.swift in Sources */,
				221D33592DF89A3D00DEBE06 /* Coupon.swift in Sources */,
				22DB73D12DFDBAB40021EF75 /* PrimaryButton.swift in Sources */,
				75656B9E2E0C933900AA13F8 /* LottieView.swift in Sources */,
				221746F52DF98ECD0075F63C /* DraftOrderUseCase.swift in Sources */,
				2296CA842E04BBA40028F295 /* Map.swift in Sources */,
				22DB73CB2DFDBA290021EF75 /* GetAllCustomerUseCase.swift in Sources */,
				227383F72DF0E216007C4B1C /* ProductViewModel.swift in Sources */,
				2296CA6F2E04B8580028F295 /* DeleteAddressUseCase.swift in Sources */,
				2296CA712E04B8580028F295 /* UpdateCustomerUseCase.swift in Sources */,
				75B306E72DF7A8BB00AB1965 /* ImageCarouselView.swift in Sources */,
				221D335A2DF89A3D00DEBE06 /* PriceRule.swift in Sources */,
				75B306FE2DF7AAE100AB1965 /* CartView.swift in Sources */,
				227383F92DF0FB47007C4B1C /* ProductDetailsView.swift in Sources */,
				221D33632DF89B2600DEBE06 /* Coupons.swift in Sources */,
				22DB73BC2DFDB9690021EF75 /* VerificationView.swift in Sources */,
			);
			runOnlyForDeploymentPostprocessing = 0;
		};
		227383A72DF07FCF007C4B1C /* Sources */ = {
			isa = PBXSourcesBuildPhase;
			buildActionMask = 2147483647;
			files = (
				752F02282E0CB84100D6136E /* CategoryViewModelTests.swift in Sources */,
				227383B02DF07FCF007C4B1C /* ShopletTests.swift in Sources */,
				752F02242E0CB80400D6136E /* MockProductRepository.swift in Sources */,
				752F02262E0CB82200D6136E /* HomeViewModelTests.swift in Sources */,
			);
			runOnlyForDeploymentPostprocessing = 0;
		};
		227383B12DF07FCF007C4B1C /* Sources */ = {
			isa = PBXSourcesBuildPhase;
			buildActionMask = 2147483647;
			files = (
				227383BC2DF07FCF007C4B1C /* ShopletUITestsLaunchTests.swift in Sources */,
				227383BA2DF07FCF007C4B1C /* ShopletUITests.swift in Sources */,
			);
			runOnlyForDeploymentPostprocessing = 0;
		};
/* End PBXSourcesBuildPhase section */

/* Begin PBXTargetDependency section */
		227383AD2DF07FCF007C4B1C /* PBXTargetDependency */ = {
			isa = PBXTargetDependency;
			target = 227383952DF07FCC007C4B1C /* Shoplet */;
			targetProxy = 227383AC2DF07FCF007C4B1C /* PBXContainerItemProxy */;
		};
		227383B72DF07FCF007C4B1C /* PBXTargetDependency */ = {
			isa = PBXTargetDependency;
			target = 227383952DF07FCC007C4B1C /* Shoplet */;
			targetProxy = 227383B62DF07FCF007C4B1C /* PBXContainerItemProxy */;
		};
/* End PBXTargetDependency section */

/* Begin XCBuildConfiguration section */
		227383BD2DF07FCF007C4B1C /* Debug */ = {
			isa = XCBuildConfiguration;
			buildSettings = {
				ALWAYS_SEARCH_USER_PATHS = NO;
				ASSETCATALOG_COMPILER_GENERATE_SWIFT_ASSET_SYMBOL_EXTENSIONS = YES;
				CLANG_ANALYZER_NONNULL = YES;
				CLANG_ANALYZER_NUMBER_OBJECT_CONVERSION = YES_AGGRESSIVE;
				CLANG_CXX_LANGUAGE_STANDARD = "gnu++20";
				CLANG_ENABLE_MODULES = YES;
				CLANG_ENABLE_OBJC_ARC = YES;
				CLANG_ENABLE_OBJC_WEAK = YES;
				CLANG_WARN_BLOCK_CAPTURE_AUTORELEASING = YES;
				CLANG_WARN_BOOL_CONVERSION = YES;
				CLANG_WARN_COMMA = YES;
				CLANG_WARN_CONSTANT_CONVERSION = YES;
				CLANG_WARN_DEPRECATED_OBJC_IMPLEMENTATIONS = YES;
				CLANG_WARN_DIRECT_OBJC_ISA_USAGE = YES_ERROR;
				CLANG_WARN_DOCUMENTATION_COMMENTS = YES;
				CLANG_WARN_EMPTY_BODY = YES;
				CLANG_WARN_ENUM_CONVERSION = YES;
				CLANG_WARN_INFINITE_RECURSION = YES;
				CLANG_WARN_INT_CONVERSION = YES;
				CLANG_WARN_NON_LITERAL_NULL_CONVERSION = YES;
				CLANG_WARN_OBJC_IMPLICIT_RETAIN_SELF = YES;
				CLANG_WARN_OBJC_LITERAL_CONVERSION = YES;
				CLANG_WARN_OBJC_ROOT_CLASS = YES_ERROR;
				CLANG_WARN_QUOTED_INCLUDE_IN_FRAMEWORK_HEADER = YES;
				CLANG_WARN_RANGE_LOOP_ANALYSIS = YES;
				CLANG_WARN_STRICT_PROTOTYPES = YES;
				CLANG_WARN_SUSPICIOUS_MOVE = YES;
				CLANG_WARN_UNGUARDED_AVAILABILITY = YES_AGGRESSIVE;
				CLANG_WARN_UNREACHABLE_CODE = YES;
				CLANG_WARN__DUPLICATE_METHOD_MATCH = YES;
				COPY_PHASE_STRIP = NO;
				DEBUG_INFORMATION_FORMAT = dwarf;
				ENABLE_STRICT_OBJC_MSGSEND = YES;
				ENABLE_TESTABILITY = YES;
				ENABLE_USER_SCRIPT_SANDBOXING = YES;
				GCC_C_LANGUAGE_STANDARD = gnu17;
				GCC_DYNAMIC_NO_PIC = NO;
				GCC_NO_COMMON_BLOCKS = YES;
				GCC_OPTIMIZATION_LEVEL = 0;
				GCC_PREPROCESSOR_DEFINITIONS = (
					"DEBUG=1",
					"$(inherited)",
				);
				GCC_WARN_64_TO_32_BIT_CONVERSION = YES;
				GCC_WARN_ABOUT_RETURN_TYPE = YES_ERROR;
				GCC_WARN_UNDECLARED_SELECTOR = YES;
				GCC_WARN_UNINITIALIZED_AUTOS = YES_AGGRESSIVE;
				GCC_WARN_UNUSED_FUNCTION = YES;
				GCC_WARN_UNUSED_VARIABLE = YES;
				IPHONEOS_DEPLOYMENT_TARGET = 17.0;
				LOCALIZATION_PREFERS_STRING_CATALOGS = YES;
				MTL_ENABLE_DEBUG_INFO = INCLUDE_SOURCE;
				MTL_FAST_MATH = YES;
				ONLY_ACTIVE_ARCH = YES;
				SDKROOT = iphoneos;
				SWIFT_ACTIVE_COMPILATION_CONDITIONS = "DEBUG $(inherited)";
				SWIFT_OPTIMIZATION_LEVEL = "-Onone";
			};
			name = Debug;
		};
		227383BE2DF07FCF007C4B1C /* Release */ = {
			isa = XCBuildConfiguration;
			buildSettings = {
				ALWAYS_SEARCH_USER_PATHS = NO;
				ASSETCATALOG_COMPILER_GENERATE_SWIFT_ASSET_SYMBOL_EXTENSIONS = YES;
				CLANG_ANALYZER_NONNULL = YES;
				CLANG_ANALYZER_NUMBER_OBJECT_CONVERSION = YES_AGGRESSIVE;
				CLANG_CXX_LANGUAGE_STANDARD = "gnu++20";
				CLANG_ENABLE_MODULES = YES;
				CLANG_ENABLE_OBJC_ARC = YES;
				CLANG_ENABLE_OBJC_WEAK = YES;
				CLANG_WARN_BLOCK_CAPTURE_AUTORELEASING = YES;
				CLANG_WARN_BOOL_CONVERSION = YES;
				CLANG_WARN_COMMA = YES;
				CLANG_WARN_CONSTANT_CONVERSION = YES;
				CLANG_WARN_DEPRECATED_OBJC_IMPLEMENTATIONS = YES;
				CLANG_WARN_DIRECT_OBJC_ISA_USAGE = YES_ERROR;
				CLANG_WARN_DOCUMENTATION_COMMENTS = YES;
				CLANG_WARN_EMPTY_BODY = YES;
				CLANG_WARN_ENUM_CONVERSION = YES;
				CLANG_WARN_INFINITE_RECURSION = YES;
				CLANG_WARN_INT_CONVERSION = YES;
				CLANG_WARN_NON_LITERAL_NULL_CONVERSION = YES;
				CLANG_WARN_OBJC_IMPLICIT_RETAIN_SELF = YES;
				CLANG_WARN_OBJC_LITERAL_CONVERSION = YES;
				CLANG_WARN_OBJC_ROOT_CLASS = YES_ERROR;
				CLANG_WARN_QUOTED_INCLUDE_IN_FRAMEWORK_HEADER = YES;
				CLANG_WARN_RANGE_LOOP_ANALYSIS = YES;
				CLANG_WARN_STRICT_PROTOTYPES = YES;
				CLANG_WARN_SUSPICIOUS_MOVE = YES;
				CLANG_WARN_UNGUARDED_AVAILABILITY = YES_AGGRESSIVE;
				CLANG_WARN_UNREACHABLE_CODE = YES;
				CLANG_WARN__DUPLICATE_METHOD_MATCH = YES;
				COPY_PHASE_STRIP = NO;
				DEBUG_INFORMATION_FORMAT = "dwarf-with-dsym";
				ENABLE_NS_ASSERTIONS = NO;
				ENABLE_STRICT_OBJC_MSGSEND = YES;
				ENABLE_USER_SCRIPT_SANDBOXING = YES;
				GCC_C_LANGUAGE_STANDARD = gnu17;
				GCC_NO_COMMON_BLOCKS = YES;
				GCC_WARN_64_TO_32_BIT_CONVERSION = YES;
				GCC_WARN_ABOUT_RETURN_TYPE = YES_ERROR;
				GCC_WARN_UNDECLARED_SELECTOR = YES;
				GCC_WARN_UNINITIALIZED_AUTOS = YES_AGGRESSIVE;
				GCC_WARN_UNUSED_FUNCTION = YES;
				GCC_WARN_UNUSED_VARIABLE = YES;
				IPHONEOS_DEPLOYMENT_TARGET = 17.0;
				LOCALIZATION_PREFERS_STRING_CATALOGS = YES;
				MTL_ENABLE_DEBUG_INFO = NO;
				MTL_FAST_MATH = YES;
				SDKROOT = iphoneos;
				SWIFT_COMPILATION_MODE = wholemodule;
				VALIDATE_PRODUCT = YES;
			};
			name = Release;
		};
		227383C02DF07FCF007C4B1C /* Debug */ = {
			isa = XCBuildConfiguration;
			buildSettings = {
				ASSETCATALOG_COMPILER_APPICON_NAME = AppIcon;
				ASSETCATALOG_COMPILER_GLOBAL_ACCENT_COLOR_NAME = AccentColor;
				CODE_SIGN_STYLE = Automatic;
				CURRENT_PROJECT_VERSION = 1;
				DEVELOPMENT_ASSET_PATHS = "\"Shoplet/Preview Content\"";
				ENABLE_PREVIEWS = YES;
				GENERATE_INFOPLIST_FILE = YES;
				INFOPLIST_KEY_NSLocationWhenInUseUsageDescription = "want to access your location";
				INFOPLIST_KEY_UIApplicationSceneManifest_Generation = YES;
				INFOPLIST_KEY_UIApplicationSupportsIndirectInputEvents = YES;
				INFOPLIST_KEY_UILaunchScreen_Generation = YES;
				INFOPLIST_KEY_UISupportedInterfaceOrientations_iPad = "UIInterfaceOrientationPortrait UIInterfaceOrientationPortraitUpsideDown UIInterfaceOrientationLandscapeLeft UIInterfaceOrientationLandscapeRight";
				INFOPLIST_KEY_UISupportedInterfaceOrientations_iPhone = "UIInterfaceOrientationPortrait UIInterfaceOrientationLandscapeLeft UIInterfaceOrientationLandscapeRight";
				LD_RUNPATH_SEARCH_PATHS = (
					"$(inherited)",
					"@executable_path/Frameworks",
				);
				MARKETING_VERSION = 1.0;
				PRODUCT_BUNDLE_IDENTIFIER = iti.Shoplet;
				PRODUCT_NAME = "$(TARGET_NAME)";
				SWIFT_EMIT_LOC_STRINGS = YES;
				SWIFT_VERSION = 5.0;
				TARGETED_DEVICE_FAMILY = "1,2";
			};
			name = Debug;
		};
		227383C12DF07FCF007C4B1C /* Release */ = {
			isa = XCBuildConfiguration;
			buildSettings = {
				ASSETCATALOG_COMPILER_APPICON_NAME = AppIcon;
				ASSETCATALOG_COMPILER_GLOBAL_ACCENT_COLOR_NAME = AccentColor;
				CODE_SIGN_STYLE = Automatic;
				CURRENT_PROJECT_VERSION = 1;
				DEVELOPMENT_ASSET_PATHS = "\"Shoplet/Preview Content\"";
				ENABLE_PREVIEWS = YES;
				GENERATE_INFOPLIST_FILE = YES;
				INFOPLIST_KEY_NSLocationWhenInUseUsageDescription = "want to access your location";
				INFOPLIST_KEY_UIApplicationSceneManifest_Generation = YES;
				INFOPLIST_KEY_UIApplicationSupportsIndirectInputEvents = YES;
				INFOPLIST_KEY_UILaunchScreen_Generation = YES;
				INFOPLIST_KEY_UISupportedInterfaceOrientations_iPad = "UIInterfaceOrientationPortrait UIInterfaceOrientationPortraitUpsideDown UIInterfaceOrientationLandscapeLeft UIInterfaceOrientationLandscapeRight";
				INFOPLIST_KEY_UISupportedInterfaceOrientations_iPhone = "UIInterfaceOrientationPortrait UIInterfaceOrientationLandscapeLeft UIInterfaceOrientationLandscapeRight";
				LD_RUNPATH_SEARCH_PATHS = (
					"$(inherited)",
					"@executable_path/Frameworks",
				);
				MARKETING_VERSION = 1.0;
				PRODUCT_BUNDLE_IDENTIFIER = iti.Shoplet;
				PRODUCT_NAME = "$(TARGET_NAME)";
				SWIFT_EMIT_LOC_STRINGS = YES;
				SWIFT_VERSION = 5.0;
				TARGETED_DEVICE_FAMILY = "1,2";
			};
			name = Release;
		};
		227383C32DF07FCF007C4B1C /* Debug */ = {
			isa = XCBuildConfiguration;
			buildSettings = {
				ALWAYS_EMBED_SWIFT_STANDARD_LIBRARIES = YES;
				BUNDLE_LOADER = "$(TEST_HOST)";
				CODE_SIGN_STYLE = Automatic;
				CURRENT_PROJECT_VERSION = 1;
				GENERATE_INFOPLIST_FILE = YES;
				IPHONEOS_DEPLOYMENT_TARGET = 17.0;
				MARKETING_VERSION = 1.0;
				PRODUCT_BUNDLE_IDENTIFIER = iti.ShopletTests;
				PRODUCT_NAME = "$(TARGET_NAME)";
				SWIFT_EMIT_LOC_STRINGS = NO;
				SWIFT_VERSION = 5.0;
				TARGETED_DEVICE_FAMILY = "1,2";
				TEST_HOST = "$(BUILT_PRODUCTS_DIR)/Shoplet.app/$(BUNDLE_EXECUTABLE_FOLDER_PATH)/Shoplet";
			};
			name = Debug;
		};
		227383C42DF07FCF007C4B1C /* Release */ = {
			isa = XCBuildConfiguration;
			buildSettings = {
				ALWAYS_EMBED_SWIFT_STANDARD_LIBRARIES = YES;
				BUNDLE_LOADER = "$(TEST_HOST)";
				CODE_SIGN_STYLE = Automatic;
				CURRENT_PROJECT_VERSION = 1;
				GENERATE_INFOPLIST_FILE = YES;
				IPHONEOS_DEPLOYMENT_TARGET = 17.0;
				MARKETING_VERSION = 1.0;
				PRODUCT_BUNDLE_IDENTIFIER = iti.ShopletTests;
				PRODUCT_NAME = "$(TARGET_NAME)";
				SWIFT_EMIT_LOC_STRINGS = NO;
				SWIFT_VERSION = 5.0;
				TARGETED_DEVICE_FAMILY = "1,2";
				TEST_HOST = "$(BUILT_PRODUCTS_DIR)/Shoplet.app/$(BUNDLE_EXECUTABLE_FOLDER_PATH)/Shoplet";
			};
			name = Release;
		};
		227383C62DF07FCF007C4B1C /* Debug */ = {
			isa = XCBuildConfiguration;
			buildSettings = {
				ALWAYS_EMBED_SWIFT_STANDARD_LIBRARIES = YES;
				CODE_SIGN_STYLE = Automatic;
				CURRENT_PROJECT_VERSION = 1;
				GENERATE_INFOPLIST_FILE = YES;
				MARKETING_VERSION = 1.0;
				PRODUCT_BUNDLE_IDENTIFIER = iti.ShopletUITests;
				PRODUCT_NAME = "$(TARGET_NAME)";
				SWIFT_EMIT_LOC_STRINGS = NO;
				SWIFT_VERSION = 5.0;
				TARGETED_DEVICE_FAMILY = "1,2";
				TEST_TARGET_NAME = Shoplet;
			};
			name = Debug;
		};
		227383C72DF07FCF007C4B1C /* Release */ = {
			isa = XCBuildConfiguration;
			buildSettings = {
				ALWAYS_EMBED_SWIFT_STANDARD_LIBRARIES = YES;
				CODE_SIGN_STYLE = Automatic;
				CURRENT_PROJECT_VERSION = 1;
				GENERATE_INFOPLIST_FILE = YES;
				MARKETING_VERSION = 1.0;
				PRODUCT_BUNDLE_IDENTIFIER = iti.ShopletUITests;
				PRODUCT_NAME = "$(TARGET_NAME)";
				SWIFT_EMIT_LOC_STRINGS = NO;
				SWIFT_VERSION = 5.0;
				TARGETED_DEVICE_FAMILY = "1,2";
				TEST_TARGET_NAME = Shoplet;
			};
			name = Release;
		};
/* End XCBuildConfiguration section */

/* Begin XCConfigurationList section */
		227383912DF07FCC007C4B1C /* Build configuration list for PBXProject "Shoplet" */ = {
			isa = XCConfigurationList;
			buildConfigurations = (
				227383BD2DF07FCF007C4B1C /* Debug */,
				227383BE2DF07FCF007C4B1C /* Release */,
			);
			defaultConfigurationIsVisible = 0;
			defaultConfigurationName = Release;
		};
		227383BF2DF07FCF007C4B1C /* Build configuration list for PBXNativeTarget "Shoplet" */ = {
			isa = XCConfigurationList;
			buildConfigurations = (
				227383C02DF07FCF007C4B1C /* Debug */,
				227383C12DF07FCF007C4B1C /* Release */,
			);
			defaultConfigurationIsVisible = 0;
			defaultConfigurationName = Release;
		};
		227383C22DF07FCF007C4B1C /* Build configuration list for PBXNativeTarget "ShopletTests" */ = {
			isa = XCConfigurationList;
			buildConfigurations = (
				227383C32DF07FCF007C4B1C /* Debug */,
				227383C42DF07FCF007C4B1C /* Release */,
			);
			defaultConfigurationIsVisible = 0;
			defaultConfigurationName = Release;
		};
		227383C52DF07FCF007C4B1C /* Build configuration list for PBXNativeTarget "ShopletUITests" */ = {
			isa = XCConfigurationList;
			buildConfigurations = (
				227383C62DF07FCF007C4B1C /* Debug */,
				227383C72DF07FCF007C4B1C /* Release */,
			);
			defaultConfigurationIsVisible = 0;
			defaultConfigurationName = Release;
		};
/* End XCConfigurationList section */

/* Begin XCRemoteSwiftPackageReference section */
		226D3B4D2DFDCC9400F3BA58 /* XCRemoteSwiftPackageReference "firebase-ios-sdk" */ = {
			isa = XCRemoteSwiftPackageReference;
			repositoryURL = "https://github.com/firebase/firebase-ios-sdk";
			requirement = {
				kind = upToNextMajorVersion;
				minimumVersion = 10.15.0;
			};
		};
		227383D02DF0CEDC007C4B1C /* XCRemoteSwiftPackageReference "Alamofire" */ = {
			isa = XCRemoteSwiftPackageReference;
			repositoryURL = "https://github.com/Alamofire/Alamofire.git";
			requirement = {
				kind = upToNextMajorVersion;
				minimumVersion = 5.10.2;
			};
		};
		227383DE2DF0D7E5007C4B1C /* XCRemoteSwiftPackageReference "Reachability" */ = {
			isa = XCRemoteSwiftPackageReference;
			repositoryURL = "https://github.com/ashleymills/Reachability.swift";
			requirement = {
				branch = master;
				kind = branch;
			};
		};
		75656B9F2E0C93A500AA13F8 /* XCRemoteSwiftPackageReference "lottie-ios" */ = {
			isa = XCRemoteSwiftPackageReference;
			repositoryURL = "https://github.com/airbnb/lottie-ios.git";
			requirement = {
				kind = upToNextMajorVersion;
				minimumVersion = 4.5.2;
			};
		};
/* End XCRemoteSwiftPackageReference section */

/* Begin XCSwiftPackageProductDependency section */
		226D3B4E2DFDCD5E00F3BA58 /* FirebaseAnalytics */ = {
			isa = XCSwiftPackageProductDependency;
			package = 226D3B4D2DFDCC9400F3BA58 /* XCRemoteSwiftPackageReference "firebase-ios-sdk" */;
			productName = FirebaseAnalytics;
		};
		226D3B502DFDCD5E00F3BA58 /* FirebaseAnalyticsWithoutAdIdSupport */ = {
			isa = XCSwiftPackageProductDependency;
			package = 226D3B4D2DFDCC9400F3BA58 /* XCRemoteSwiftPackageReference "firebase-ios-sdk" */;
			productName = FirebaseAnalyticsWithoutAdIdSupport;
		};
		226D3B522DFDCD5E00F3BA58 /* FirebaseAuth */ = {
			isa = XCSwiftPackageProductDependency;
			package = 226D3B4D2DFDCC9400F3BA58 /* XCRemoteSwiftPackageReference "firebase-ios-sdk" */;
			productName = FirebaseAuth;
		};
		226D3B542DFDCD5E00F3BA58 /* FirebaseFirestore */ = {
			isa = XCSwiftPackageProductDependency;
			package = 226D3B4D2DFDCC9400F3BA58 /* XCRemoteSwiftPackageReference "firebase-ios-sdk" */;
			productName = FirebaseFirestore;
		};
		226D3B562DFDCD5E00F3BA58 /* FirebaseFirestoreSwift */ = {
			isa = XCSwiftPackageProductDependency;
			package = 226D3B4D2DFDCC9400F3BA58 /* XCRemoteSwiftPackageReference "firebase-ios-sdk" */;
			productName = FirebaseFirestoreSwift;
		};
		227383D22DF0CF2B007C4B1C /* Alamofire */ = {
			isa = XCSwiftPackageProductDependency;
			package = 227383D02DF0CEDC007C4B1C /* XCRemoteSwiftPackageReference "Alamofire" */;
			productName = Alamofire;
		};
		227383D42DF0CF2B007C4B1C /* AlamofireDynamic */ = {
			isa = XCSwiftPackageProductDependency;
			package = 227383D02DF0CEDC007C4B1C /* XCRemoteSwiftPackageReference "Alamofire" */;
			productName = AlamofireDynamic;
		};
		227383DF2DF0D7E5007C4B1C /* Reachability */ = {
			isa = XCSwiftPackageProductDependency;
			package = 227383DE2DF0D7E5007C4B1C /* XCRemoteSwiftPackageReference "Reachability" */;
			productName = Reachability;
		};
		75656BA02E0C93A500AA13F8 /* Lottie */ = {
			isa = XCSwiftPackageProductDependency;
			package = 75656B9F2E0C93A500AA13F8 /* XCRemoteSwiftPackageReference "lottie-ios" */;
			productName = Lottie;
		};
		75656BA22E0C93A500AA13F8 /* Lottie-Dynamic */ = {
			isa = XCSwiftPackageProductDependency;
			package = 75656B9F2E0C93A500AA13F8 /* XCRemoteSwiftPackageReference "lottie-ios" */;
			productName = "Lottie-Dynamic";
		};
/* End XCSwiftPackageProductDependency section */

/* Begin XCVersionGroup section */
		227383A42DF07FCF007C4B1C /* Shoplet.xcdatamodeld */ = {
			isa = XCVersionGroup;
			children = (
				227383A52DF07FCF007C4B1C /* Shoplet.xcdatamodel */,
			);
			currentVersion = 227383A52DF07FCF007C4B1C /* Shoplet.xcdatamodel */;
			path = Shoplet.xcdatamodeld;
			sourceTree = "<group>";
			versionGroupType = wrapper.xcdatamodel;
		};
/* End XCVersionGroup section */
	};
	rootObject = 2273838E2DF07FCC007C4B1C /* Project object */;
}
